// !$*UTF8*$!
{
	archiveVersion = 1;
	classes = {
	};
	objectVersion = 47;
	objects = {

/* Begin PBXBuildFile section */
		1DDD58160DA1D0A300B32029 /* MainMenu.xib in Resources */ = {isa = PBXBuildFile; fileRef = 1DDD58140DA1D0A300B32029 /* MainMenu.xib */; };
		256AC3DA0F4B6AC300CF3369 /* AppDelegate.m in Sources */ = {isa = PBXBuildFile; fileRef = 256AC3D90F4B6AC300CF3369 /* AppDelegate.m */; };
		343EEA0E19C5E1D1001A969F /* TabView.m in Sources */ = {isa = PBXBuildFile; fileRef = 343EEA0D19C5E1D1001A969F /* TabView.m */; };
		344F41331F2110920073B85A /* VariablesController.m in Sources */ = {isa = PBXBuildFile; fileRef = 344F41321F2110920073B85A /* VariablesController.m */; };
		345EF8E31F100413003E7A67 /* FrontmostApplicationController.m in Sources */ = {isa = PBXBuildFile; fileRef = 345EF8E21F100413003E7A67 /* FrontmostApplicationController.m */; };
		345EF8E61F100484003E7A67 /* frontmost_application_observer_objc.m in Sources */ = {isa = PBXBuildFile; fileRef = 345EF8E51F100484003E7A67 /* frontmost_application_observer_objc.m */; };
		346FDD281BA6E58500B1072E /* EventViewerApplication.m in Sources */ = {isa = PBXBuildFile; fileRef = 346FDD271BA6E58500B1072E /* EventViewerApplication.m */; };
		3481A9BA1BC524280092E8EC /* PreferencesManager.m in Sources */ = {isa = PBXBuildFile; fileRef = 3481A9B91BC524280092E8EC /* PreferencesManager.m */; };
		3488F176174FB64C00178158 /* app.icns in Resources */ = {isa = PBXBuildFile; fileRef = 3488F175174FB64C00178158 /* app.icns */; };
		34B97B171DBB26E400EB3583 /* simple_modifications.json in Resources */ = {isa = PBXBuildFile; fileRef = 34B97B161DBB26E400EB3583 /* simple_modifications.json */; };
		34B97B191DBB276200EB3583 /* libkrbn.a in Frameworks */ = {isa = PBXBuildFile; fileRef = 34B97B181DBB276200EB3583 /* libkrbn.a */; };
		34B97B1B1DBB276B00EB3583 /* libc++.dylib in Frameworks */ = {isa = PBXBuildFile; fileRef = 34B97B1A1DBB276B00EB3583 /* libc++.dylib */; };
		34C92D221122EDA100B0B4ED /* Carbon.framework in Frameworks */ = {isa = PBXBuildFile; fileRef = 34C92D211122EDA100B0B4ED /* Carbon.framework */; };
		34CA697F174FB72900EC8EFB /* EventQueue.m in Sources */ = {isa = PBXBuildFile; fileRef = 34CA6978174FB72900EC8EFB /* EventQueue.m */; };
		34CA6980174FB72900EC8EFB /* KeyResponder.m in Sources */ = {isa = PBXBuildFile; fileRef = 34CA697A174FB72900EC8EFB /* KeyResponder.m */; };
		8D11072B0486CEB800E47090 /* InfoPlist.strings in Resources */ = {isa = PBXBuildFile; fileRef = 089C165CFE840E0CC02AAC07 /* InfoPlist.strings */; };
		8D11072D0486CEB800E47090 /* main.m in Sources */ = {isa = PBXBuildFile; fileRef = 29B97316FDCFA39411CA2CEA /* main.m */; settings = {ATTRIBUTES = (); }; };
		8D11072F0486CEB800E47090 /* Cocoa.framework in Frameworks */ = {isa = PBXBuildFile; fileRef = 1058C7A1FEA54F0111CA2CBB /* Cocoa.framework */; };
/* End PBXBuildFile section */

/* Begin PBXFileReference section */
		089C165DFE840E0CC02AAC07 /* English */ = {isa = PBXFileReference; fileEncoding = 4; lastKnownFileType = text.plist.strings; name = English; path = English.lproj/InfoPlist.strings; sourceTree = "<group>"; };
		1058C7A1FEA54F0111CA2CBB /* Cocoa.framework */ = {isa = PBXFileReference; lastKnownFileType = wrapper.framework; name = Cocoa.framework; path = /System/Library/Frameworks/Cocoa.framework; sourceTree = "<absolute>"; };
		13E42FB307B3F0F600E4EEF1 /* CoreData.framework */ = {isa = PBXFileReference; lastKnownFileType = wrapper.framework; name = CoreData.framework; path = /System/Library/Frameworks/CoreData.framework; sourceTree = "<absolute>"; };
		256AC3D80F4B6AC300CF3369 /* AppDelegate.h */ = {isa = PBXFileReference; fileEncoding = 4; lastKnownFileType = sourcecode.c.h; path = AppDelegate.h; sourceTree = "<group>"; };
		256AC3D90F4B6AC300CF3369 /* AppDelegate.m */ = {isa = PBXFileReference; fileEncoding = 4; lastKnownFileType = sourcecode.c.objc; path = AppDelegate.m; sourceTree = "<group>"; };
		256AC3F00F4B6AF500CF3369 /* EventViewer_Prefix.pch */ = {isa = PBXFileReference; fileEncoding = 4; lastKnownFileType = sourcecode.c.h; path = EventViewer_Prefix.pch; sourceTree = "<group>"; };
		29B97316FDCFA39411CA2CEA /* main.m */ = {isa = PBXFileReference; fileEncoding = 4; lastKnownFileType = sourcecode.c.objc; path = main.m; sourceTree = "<group>"; };
		29B97324FDCFA39411CA2CEA /* AppKit.framework */ = {isa = PBXFileReference; lastKnownFileType = wrapper.framework; name = AppKit.framework; path = /System/Library/Frameworks/AppKit.framework; sourceTree = "<absolute>"; };
		29B97325FDCFA39411CA2CEA /* Foundation.framework */ = {isa = PBXFileReference; lastKnownFileType = wrapper.framework; name = Foundation.framework; path = /System/Library/Frameworks/Foundation.framework; sourceTree = "<absolute>"; };
		3416816F1F7C074900FF2FB0 /* Base */ = {isa = PBXFileReference; lastKnownFileType = file.xib; name = Base; path = Base.lproj/MainMenu.xib; sourceTree = "<group>"; };
		343EEA0C19C5E1D1001A969F /* TabView.h */ = {isa = PBXFileReference; fileEncoding = 4; lastKnownFileType = sourcecode.c.h; name = TabView.h; path = Classes/TabView.h; sourceTree = "<group>"; };
		343EEA0D19C5E1D1001A969F /* TabView.m */ = {isa = PBXFileReference; fileEncoding = 4; lastKnownFileType = sourcecode.c.objc; name = TabView.m; path = Classes/TabView.m; sourceTree = "<group>"; };
		344F41311F2110920073B85A /* VariablesController.h */ = {isa = PBXFileReference; fileEncoding = 4; lastKnownFileType = sourcecode.c.h; name = VariablesController.h; path = Classes/VariablesController.h; sourceTree = "<group>"; };
		344F41321F2110920073B85A /* VariablesController.m */ = {isa = PBXFileReference; fileEncoding = 4; lastKnownFileType = sourcecode.c.objc; name = VariablesController.m; path = Classes/VariablesController.m; sourceTree = "<group>"; };
		345EF8E11F100413003E7A67 /* FrontmostApplicationController.h */ = {isa = PBXFileReference; fileEncoding = 4; lastKnownFileType = sourcecode.c.h; name = FrontmostApplicationController.h; path = Classes/FrontmostApplicationController.h; sourceTree = "<group>"; };
		345EF8E21F100413003E7A67 /* FrontmostApplicationController.m */ = {isa = PBXFileReference; fileEncoding = 4; lastKnownFileType = sourcecode.c.objc; name = FrontmostApplicationController.m; path = Classes/FrontmostApplicationController.m; sourceTree = "<group>"; };
		345EF8E41F100484003E7A67 /* frontmost_application_observer_objc.h */ = {isa = PBXFileReference; fileEncoding = 4; lastKnownFileType = sourcecode.c.h; path = frontmost_application_observer_objc.h; sourceTree = "<group>"; };
		345EF8E51F100484003E7A67 /* frontmost_application_observer_objc.m */ = {isa = PBXFileReference; fileEncoding = 4; lastKnownFileType = sourcecode.c.objc; path = frontmost_application_observer_objc.m; sourceTree = "<group>"; };
		346971B01CE47C5D004034E1 /* weakify.h */ = {isa = PBXFileReference; fileEncoding = 4; lastKnownFileType = sourcecode.c.h; name = weakify.h; path = ../apps/share/weakify.h; sourceTree = "<group>"; };
		346FDD261BA6E58500B1072E /* EventViewerApplication.h */ = {isa = PBXFileReference; fileEncoding = 4; lastKnownFileType = sourcecode.c.h; name = EventViewerApplication.h; path = Classes/EventViewerApplication.h; sourceTree = "<group>"; };
		346FDD271BA6E58500B1072E /* EventViewerApplication.m */ = {isa = PBXFileReference; fileEncoding = 4; lastKnownFileType = sourcecode.c.objc; name = EventViewerApplication.m; path = Classes/EventViewerApplication.m; sourceTree = "<group>"; };
		3481A9B81BC524280092E8EC /* PreferencesManager.h */ = {isa = PBXFileReference; fileEncoding = 4; lastKnownFileType = sourcecode.c.h; name = PreferencesManager.h; path = Classes/PreferencesManager.h; sourceTree = "<group>"; };
		3481A9B91BC524280092E8EC /* PreferencesManager.m */ = {isa = PBXFileReference; fileEncoding = 4; lastKnownFileType = sourcecode.c.objc; name = PreferencesManager.m; path = Classes/PreferencesManager.m; sourceTree = "<group>"; };
		348323671934E0FD0038CA78 /* PreferencesKeys.h */ = {isa = PBXFileReference; fileEncoding = 4; lastKnownFileType = sourcecode.c.h; name = PreferencesKeys.h; path = Classes/PreferencesKeys.h; sourceTree = "<group>"; };
		3488F175174FB64C00178158 /* app.icns */ = {isa = PBXFileReference; lastKnownFileType = image.icns; name = app.icns; path = Resources/app.icns; sourceTree = "<group>"; };
		34B97B161DBB26E400EB3583 /* simple_modifications.json */ = {isa = PBXFileReference; fileEncoding = 4; lastKnownFileType = text.json; name = simple_modifications.json; path = ../PreferencesWindow/PreferencesWindow/Resources/simple_modifications.json; sourceTree = "<group>"; };
		34B97B181DBB276200EB3583 /* libkrbn.a */ = {isa = PBXFileReference; lastKnownFileType = archive.ar; name = libkrbn.a; path = ../../lib/libkrbn/build/Release/libkrbn.a; sourceTree = "<group>"; };
		34B97B1A1DBB276B00EB3583 /* libc++.dylib */ = {isa = PBXFileReference; lastKnownFileType = "compiled.mach-o.dylib"; name = "libc++.dylib"; path = "/usr/lib/libc++.dylib"; sourceTree = "<group>"; };
		34B97B1C1DBB27C900EB3583 /* libkrbn.h */ = {isa = PBXFileReference; fileEncoding = 4; lastKnownFileType = sourcecode.c.h; name = libkrbn.h; path = ../../lib/libkrbn/libkrbn.h; sourceTree = "<group>"; };
		34C92D211122EDA100B0B4ED /* Carbon.framework */ = {isa = PBXFileReference; lastKnownFileType = wrapper.framework; name = Carbon.framework; path = System/Library/Frameworks/Carbon.framework; sourceTree = SDKROOT; };
		34CA6977174FB72900EC8EFB /* EventQueue.h */ = {isa = PBXFileReference; fileEncoding = 4; lastKnownFileType = sourcecode.c.h; name = EventQueue.h; path = Classes/EventQueue.h; sourceTree = "<group>"; };
		34CA6978174FB72900EC8EFB /* EventQueue.m */ = {isa = PBXFileReference; fileEncoding = 4; lastKnownFileType = sourcecode.c.objc; name = EventQueue.m; path = Classes/EventQueue.m; sourceTree = "<group>"; };
		34CA6979174FB72900EC8EFB /* KeyResponder.h */ = {isa = PBXFileReference; fileEncoding = 4; lastKnownFileType = sourcecode.c.h; name = KeyResponder.h; path = Classes/KeyResponder.h; sourceTree = "<group>"; };
		34CA697A174FB72900EC8EFB /* KeyResponder.m */ = {isa = PBXFileReference; fileEncoding = 4; lastKnownFileType = sourcecode.c.objc; name = KeyResponder.m; path = Classes/KeyResponder.m; sourceTree = "<group>"; };
		8D1107310486CEB800E47090 /* Info.plist */ = {isa = PBXFileReference; fileEncoding = 4; lastKnownFileType = text.plist.xml; path = Info.plist; sourceTree = "<group>"; };
		8D1107320486CEB800E47090 /* Karabiner-EventViewer.app */ = {isa = PBXFileReference; explicitFileType = wrapper.application; includeInIndex = 0; path = "Karabiner-EventViewer.app"; sourceTree = BUILT_PRODUCTS_DIR; };
/* End PBXFileReference section */

/* Begin PBXFrameworksBuildPhase section */
		8D11072E0486CEB800E47090 /* Frameworks */ = {
			isa = PBXFrameworksBuildPhase;
			buildActionMask = 2147483647;
			files = (
				34B97B1B1DBB276B00EB3583 /* libc++.dylib in Frameworks */,
				8D11072F0486CEB800E47090 /* Cocoa.framework in Frameworks */,
				34C92D221122EDA100B0B4ED /* Carbon.framework in Frameworks */,
				34B97B191DBB276200EB3583 /* libkrbn.a in Frameworks */,
			);
			runOnlyForDeploymentPostprocessing = 0;
		};
/* End PBXFrameworksBuildPhase section */

/* Begin PBXGroup section */
		080E96DDFE201D6D7F000001 /* Classes */ = {
			isa = PBXGroup;
			children = (
				256AC3D80F4B6AC300CF3369 /* AppDelegate.h */,
				256AC3D90F4B6AC300CF3369 /* AppDelegate.m */,
				34CA6977174FB72900EC8EFB /* EventQueue.h */,
				34CA6978174FB72900EC8EFB /* EventQueue.m */,
				346FDD261BA6E58500B1072E /* EventViewerApplication.h */,
				346FDD271BA6E58500B1072E /* EventViewerApplication.m */,
				345EF8E11F100413003E7A67 /* FrontmostApplicationController.h */,
				345EF8E21F100413003E7A67 /* FrontmostApplicationController.m */,
				34CA6979174FB72900EC8EFB /* KeyResponder.h */,
				34CA697A174FB72900EC8EFB /* KeyResponder.m */,
				348323671934E0FD0038CA78 /* PreferencesKeys.h */,
				3481A9B81BC524280092E8EC /* PreferencesManager.h */,
				3481A9B91BC524280092E8EC /* PreferencesManager.m */,
				34CA6972174FB71200EC8EFB /* share */,
				343EEA0C19C5E1D1001A969F /* TabView.h */,
				343EEA0D19C5E1D1001A969F /* TabView.m */,
				344F41311F2110920073B85A /* VariablesController.h */,
				344F41321F2110920073B85A /* VariablesController.m */,
			);
			name = Classes;
			sourceTree = "<group>";
		};
		1058C7A0FEA54F0111CA2CBB /* Linked Frameworks */ = {
			isa = PBXGroup;
			children = (
				1058C7A1FEA54F0111CA2CBB /* Cocoa.framework */,
			);
			name = "Linked Frameworks";
			sourceTree = "<group>";
		};
		1058C7A2FEA54F0111CA2CBB /* Other Frameworks */ = {
			isa = PBXGroup;
			children = (
				29B97324FDCFA39411CA2CEA /* AppKit.framework */,
				13E42FB307B3F0F600E4EEF1 /* CoreData.framework */,
				29B97325FDCFA39411CA2CEA /* Foundation.framework */,
			);
			name = "Other Frameworks";
			sourceTree = "<group>";
		};
		19C28FACFE9D520D11CA2CBB /* Products */ = {
			isa = PBXGroup;
			children = (
				8D1107320486CEB800E47090 /* Karabiner-EventViewer.app */,
			);
			name = Products;
			sourceTree = "<group>";
		};
		29B97314FDCFA39411CA2CEA /* EventViewer */ = {
			isa = PBXGroup;
			children = (
				080E96DDFE201D6D7F000001 /* Classes */,
				29B97315FDCFA39411CA2CEA /* Other Sources */,
				29B97317FDCFA39411CA2CEA /* Resources */,
				29B97323FDCFA39411CA2CEA /* Frameworks */,
				19C28FACFE9D520D11CA2CBB /* Products */,
			);
			name = EventViewer;
			sourceTree = "<group>";
		};
		29B97315FDCFA39411CA2CEA /* Other Sources */ = {
			isa = PBXGroup;
			children = (
				34B97B1C1DBB27C900EB3583 /* libkrbn.h */,
				256AC3F00F4B6AF500CF3369 /* EventViewer_Prefix.pch */,
				29B97316FDCFA39411CA2CEA /* main.m */,
			);
			name = "Other Sources";
			sourceTree = "<group>";
		};
		29B97317FDCFA39411CA2CEA /* Resources */ = {
			isa = PBXGroup;
			children = (
				34B97B161DBB26E400EB3583 /* simple_modifications.json */,
				3488F175174FB64C00178158 /* app.icns */,
				8D1107310486CEB800E47090 /* Info.plist */,
				089C165CFE840E0CC02AAC07 /* InfoPlist.strings */,
				1DDD58140DA1D0A300B32029 /* MainMenu.xib */,
			);
			name = Resources;
			sourceTree = "<group>";
		};
		29B97323FDCFA39411CA2CEA /* Frameworks */ = {
			isa = PBXGroup;
			children = (
				34C92D211122EDA100B0B4ED /* Carbon.framework */,
				34B97B1A1DBB276B00EB3583 /* libc++.dylib */,
				34B97B181DBB276200EB3583 /* libkrbn.a */,
				1058C7A0FEA54F0111CA2CBB /* Linked Frameworks */,
				1058C7A2FEA54F0111CA2CBB /* Other Frameworks */,
			);
			name = Frameworks;
			sourceTree = "<group>";
		};
		34CA6972174FB71200EC8EFB /* share */ = {
			isa = PBXGroup;
			children = (
				345EF8E41F100484003E7A67 /* frontmost_application_observer_objc.h */,
				345EF8E51F100484003E7A67 /* frontmost_application_observer_objc.m */,
				346971B01CE47C5D004034E1 /* weakify.h */,
			);
			name = share;
			path = ../../share;
			sourceTree = SOURCE_ROOT;
		};
/* End PBXGroup section */

/* Begin PBXNativeTarget section */
		8D1107260486CEB800E47090 /* EventViewer */ = {
			isa = PBXNativeTarget;
			buildConfigurationList = C01FCF4A08A954540054247B /* Build configuration list for PBXNativeTarget "EventViewer" */;
			buildPhases = (
				8D1107290486CEB800E47090 /* Resources */,
				8D11072C0486CEB800E47090 /* Sources */,
				8D11072E0486CEB800E47090 /* Frameworks */,
			);
			buildRules = (
			);
			dependencies = (
			);
			name = EventViewer;
			productInstallPath = "$(HOME)/Applications";
			productName = EventViewer;
			productReference = 8D1107320486CEB800E47090 /* Karabiner-EventViewer.app */;
			productType = "com.apple.product-type.application";
		};
/* End PBXNativeTarget section */

/* Begin PBXProject section */
		29B97313FDCFA39411CA2CEA /* Project object */ = {
			isa = PBXProject;
			attributes = {
				LastUpgradeCheck = 0900;
			};
			buildConfigurationList = C01FCF4E08A954540054247B /* Build configuration list for PBXProject "EventViewer" */;
			compatibilityVersion = "Xcode 6.3";
			developmentRegion = English;
			hasScannedForEncodings = 1;
			knownRegions = (
				English,
				Japanese,
				French,
				German,
				Base,
			);
			mainGroup = 29B97314FDCFA39411CA2CEA /* EventViewer */;
			projectDirPath = "";
			projectRoot = "";
			targets = (
				8D1107260486CEB800E47090 /* EventViewer */,
			);
		};
/* End PBXProject section */

/* Begin PBXResourcesBuildPhase section */
		8D1107290486CEB800E47090 /* Resources */ = {
			isa = PBXResourcesBuildPhase;
			buildActionMask = 2147483647;
			files = (
				8D11072B0486CEB800E47090 /* InfoPlist.strings in Resources */,
				1DDD58160DA1D0A300B32029 /* MainMenu.xib in Resources */,
				3488F176174FB64C00178158 /* app.icns in Resources */,
				34B97B171DBB26E400EB3583 /* simple_modifications.json in Resources */,
			);
			runOnlyForDeploymentPostprocessing = 0;
		};
/* End PBXResourcesBuildPhase section */

/* Begin PBXSourcesBuildPhase section */
		8D11072C0486CEB800E47090 /* Sources */ = {
			isa = PBXSourcesBuildPhase;
			buildActionMask = 2147483647;
			files = (
				8D11072D0486CEB800E47090 /* main.m in Sources */,
				256AC3DA0F4B6AC300CF3369 /* AppDelegate.m in Sources */,
				346FDD281BA6E58500B1072E /* EventViewerApplication.m in Sources */,
				343EEA0E19C5E1D1001A969F /* TabView.m in Sources */,
				34CA697F174FB72900EC8EFB /* EventQueue.m in Sources */,
				344F41331F2110920073B85A /* VariablesController.m in Sources */,
				345EF8E61F100484003E7A67 /* frontmost_application_observer_objc.m in Sources */,
				3481A9BA1BC524280092E8EC /* PreferencesManager.m in Sources */,
				345EF8E31F100413003E7A67 /* FrontmostApplicationController.m in Sources */,
				34CA6980174FB72900EC8EFB /* KeyResponder.m in Sources */,
			);
			runOnlyForDeploymentPostprocessing = 0;
		};
/* End PBXSourcesBuildPhase section */

/* Begin PBXVariantGroup section */
		089C165CFE840E0CC02AAC07 /* InfoPlist.strings */ = {
			isa = PBXVariantGroup;
			children = (
				089C165DFE840E0CC02AAC07 /* English */,
			);
			name = InfoPlist.strings;
			sourceTree = "<group>";
		};
		1DDD58140DA1D0A300B32029 /* MainMenu.xib */ = {
			isa = PBXVariantGroup;
			children = (
				3416816F1F7C074900FF2FB0 /* Base */,
			);
			name = MainMenu.xib;
			sourceTree = "<group>";
		};
/* End PBXVariantGroup section */

/* Begin XCBuildConfiguration section */
		C01FCF4C08A954540054247B /* Release */ = {
			isa = XCBuildConfiguration;
			buildSettings = {
				ALWAYS_SEARCH_USER_PATHS = NO;
				CLANG_ENABLE_OBJC_ARC = YES;
				COMBINE_HIDPI_IMAGES = YES;
				DEBUG_INFORMATION_FORMAT = "dwarf-with-dsym";
				GCC_MODEL_TUNING = G5;
				GCC_PRECOMPILE_PREFIX_HEADER = YES;
				GCC_PREFIX_HEADER = EventViewer_Prefix.pch;
				INFOPLIST_FILE = Info.plist;
				INSTALL_PATH = "$(HOME)/Applications";
				PRODUCT_BUNDLE_IDENTIFIER = "org.pqrs.Karabiner-EventViewer";
				PRODUCT_NAME = "Karabiner-EventViewer";
			};
			name = Release;
		};
		C01FCF5008A954540054247B /* Release */ = {
			isa = XCBuildConfiguration;
			buildSettings = {
				CLANG_ANALYZER_LOCALIZABILITY_NONLOCALIZED = NO;
				CLANG_ENABLE_MODULES = YES;
				CLANG_WARN_BLOCK_CAPTURE_AUTORELEASING = YES;
				CLANG_WARN_BOOL_CONVERSION = YES;
				CLANG_WARN_COMMA = YES;
				CLANG_WARN_CONSTANT_CONVERSION = YES;
				CLANG_WARN_EMPTY_BODY = YES;
				CLANG_WARN_ENUM_CONVERSION = YES;
				CLANG_WARN_INFINITE_RECURSION = YES;
				CLANG_WARN_INT_CONVERSION = YES;
				CLANG_WARN_NON_LITERAL_NULL_CONVERSION = YES;
				CLANG_WARN_OBJC_LITERAL_CONVERSION = YES;
				CLANG_WARN_RANGE_LOOP_ANALYSIS = YES;
				CLANG_WARN_STRICT_PROTOTYPES = YES;
				CLANG_WARN_SUSPICIOUS_MOVE = YES;
				CLANG_WARN_UNREACHABLE_CODE = YES;
				CLANG_WARN__DUPLICATE_METHOD_MATCH = YES;
				ENABLE_STRICT_OBJC_MSGSEND = YES;
				GCC_C_LANGUAGE_STANDARD = gnu99;
				GCC_NO_COMMON_BLOCKS = YES;
				GCC_TREAT_WARNINGS_AS_ERRORS = YES;
				GCC_WARN_64_TO_32_BIT_CONVERSION = YES;
				GCC_WARN_ABOUT_MISSING_NEWLINE = YES;
				GCC_WARN_ABOUT_RETURN_TYPE = YES;
				GCC_WARN_CHECK_SWITCH_STATEMENTS = YES;
				GCC_WARN_MISSING_PARENTHESES = YES;
				GCC_WARN_NON_VIRTUAL_DESTRUCTOR = YES;
				GCC_WARN_SHADOW = YES;
				GCC_WARN_SIGN_COMPARE = YES;
				GCC_WARN_UNDECLARED_SELECTOR = YES;
				GCC_WARN_UNINITIALIZED_AUTOS = YES;
				GCC_WARN_UNUSED_FUNCTION = YES;
				GCC_WARN_UNUSED_LABEL = YES;
				GCC_WARN_UNUSED_VALUE = YES;
				GCC_WARN_UNUSED_VARIABLE = YES;
				LIBRARY_SEARCH_PATHS = ../../lib/libkrbn/build/Release;
				MACOSX_DEPLOYMENT_TARGET = 10.11;
				RUN_CLANG_STATIC_ANALYZER = YES;
				SDKROOT = macosx;
				WARNING_CFLAGS = "-Wpartial-availability";
			};
			name = Release;
		};
/* End XCBuildConfiguration section */

/* Begin XCConfigurationList section */
		C01FCF4A08A954540054247B /* Build configuration list for PBXNativeTarget "EventViewer" */ = {
			isa = XCConfigurationList;
			buildConfigurations = (
				C01FCF4C08A954540054247B /* Release */,
			);
			defaultConfigurationIsVisible = 0;
			defaultConfigurationName = Release;
		};
		C01FCF4E08A954540054247B /* Build configuration list for PBXProject "EventViewer" */ = {
			isa = XCConfigurationList;
			buildConfigurations = (
				C01FCF5008A954540054247B /* Release */,
			);
			defaultConfigurationIsVisible = 0;
			defaultConfigurationName = Release;
		};
/* End XCConfigurationList section */
	};
	rootObject = 29B97313FDCFA39411CA2CEA /* Project object */;
}
