// !$*UTF8*$!
{
	archiveVersion = 1;
	classes = {
	};
	objectVersion = 47;
	objects = {

/* Begin PBXBuildFile section */
		3445E0671D801AF7004555F9 /* AppDelegate.m in Sources */ = {isa = PBXBuildFile; fileRef = 3445E0661D801AF7004555F9 /* AppDelegate.m */; };
		3445E06A1D801AF7004555F9 /* main.m in Sources */ = {isa = PBXBuildFile; fileRef = 3445E0691D801AF7004555F9 /* main.m */; };
		3445E06C1D801AF7004555F9 /* Assets.xcassets in Resources */ = {isa = PBXBuildFile; fileRef = 3445E06B1D801AF7004555F9 /* Assets.xcassets */; };
		3445E06F1D801AF7004555F9 /* MainMenu.xib in Resources */ = {isa = PBXBuildFile; fileRef = 3445E06D1D801AF7004555F9 /* MainMenu.xib */; };
		345F95371DA2AC78002854B8 /* ConfigurationManager.m in Sources */ = {isa = PBXBuildFile; fileRef = 345F95361DA2AC78002854B8 /* ConfigurationManager.m */; };
		3469EB6A1D8061E40005D30D /* PreferencesWindowController.m in Sources */ = {isa = PBXBuildFile; fileRef = 3469EB691D8061E40005D30D /* PreferencesWindowController.m */; };
		3469EB6F1D8127980005D30D /* LogFileTextViewController.m in Sources */ = {isa = PBXBuildFile; fileRef = 3469EB6E1D8127980005D30D /* LogFileTextViewController.m */; };
		347112ED1D86E619001AC60D /* UpdaterController.m in Sources */ = {isa = PBXBuildFile; fileRef = 347112EC1D86E619001AC60D /* UpdaterController.m */; };
		347112F11D87010A001AC60D /* Relauncher.m in Sources */ = {isa = PBXBuildFile; fileRef = 347112F01D87010A001AC60D /* Relauncher.m */; };
		347113101D870D74001AC60D /* libkrbn.a in Frameworks */ = {isa = PBXBuildFile; fileRef = 3471130F1D870D74001AC60D /* libkrbn.a */; };
		347113131D870F5F001AC60D /* libc++.dylib in Frameworks */ = {isa = PBXBuildFile; fileRef = 347113121D870F5F001AC60D /* libc++.dylib */; };
/* End PBXBuildFile section */

/* Begin PBXFileReference section */
		3445E0621D801AF7004555F9 /* Karabiner-Elements.app */ = {isa = PBXFileReference; explicitFileType = wrapper.application; includeInIndex = 0; path = "Karabiner-Elements.app"; sourceTree = BUILT_PRODUCTS_DIR; };
		3445E0651D801AF7004555F9 /* AppDelegate.h */ = {isa = PBXFileReference; lastKnownFileType = sourcecode.c.h; path = AppDelegate.h; sourceTree = "<group>"; };
		3445E0661D801AF7004555F9 /* AppDelegate.m */ = {isa = PBXFileReference; lastKnownFileType = sourcecode.c.objc; path = AppDelegate.m; sourceTree = "<group>"; };
		3445E0691D801AF7004555F9 /* main.m */ = {isa = PBXFileReference; lastKnownFileType = sourcecode.c.objc; path = main.m; sourceTree = "<group>"; };
		3445E06B1D801AF7004555F9 /* Assets.xcassets */ = {isa = PBXFileReference; lastKnownFileType = folder.assetcatalog; path = Assets.xcassets; sourceTree = "<group>"; };
		3445E06E1D801AF7004555F9 /* Base */ = {isa = PBXFileReference; lastKnownFileType = file.xib; name = Base; path = Base.lproj/MainMenu.xib; sourceTree = "<group>"; };
		3445E0701D801AF7004555F9 /* Info.plist */ = {isa = PBXFileReference; lastKnownFileType = text.plist.xml; path = Info.plist; sourceTree = "<group>"; };
		345F95351DA2AC78002854B8 /* ConfigurationManager.h */ = {isa = PBXFileReference; fileEncoding = 4; lastKnownFileType = sourcecode.c.h; path = ConfigurationManager.h; sourceTree = "<group>"; };
		345F95361DA2AC78002854B8 /* ConfigurationManager.m */ = {isa = PBXFileReference; fileEncoding = 4; lastKnownFileType = sourcecode.c.objc; path = ConfigurationManager.m; sourceTree = "<group>"; };
		3469EB681D8061E40005D30D /* PreferencesWindowController.h */ = {isa = PBXFileReference; fileEncoding = 4; lastKnownFileType = sourcecode.c.h; path = PreferencesWindowController.h; sourceTree = "<group>"; };
		3469EB691D8061E40005D30D /* PreferencesWindowController.m */ = {isa = PBXFileReference; fileEncoding = 4; lastKnownFileType = sourcecode.c.objc; path = PreferencesWindowController.m; sourceTree = "<group>"; };
		3469EB6C1D806AEA0005D30D /* weakify.h */ = {isa = PBXFileReference; fileEncoding = 4; lastKnownFileType = sourcecode.c.h; name = weakify.h; path = ../../share/weakify.h; sourceTree = "<group>"; };
		3469EB6D1D8127980005D30D /* LogFileTextViewController.h */ = {isa = PBXFileReference; fileEncoding = 4; lastKnownFileType = sourcecode.c.h; path = LogFileTextViewController.h; sourceTree = "<group>"; };
		3469EB6E1D8127980005D30D /* LogFileTextViewController.m */ = {isa = PBXFileReference; fileEncoding = 4; lastKnownFileType = sourcecode.c.objc; path = LogFileTextViewController.m; sourceTree = "<group>"; };
		347112EB1D86E619001AC60D /* UpdaterController.h */ = {isa = PBXFileReference; fileEncoding = 4; lastKnownFileType = sourcecode.c.h; path = UpdaterController.h; sourceTree = "<group>"; };
		347112EC1D86E619001AC60D /* UpdaterController.m */ = {isa = PBXFileReference; fileEncoding = 4; lastKnownFileType = sourcecode.c.objc; path = UpdaterController.m; sourceTree = "<group>"; };
		347112EF1D87010A001AC60D /* Relauncher.h */ = {isa = PBXFileReference; fileEncoding = 4; lastKnownFileType = sourcecode.c.h; name = Relauncher.h; path = ../../share/Relauncher.h; sourceTree = "<group>"; };
		347112F01D87010A001AC60D /* Relauncher.m */ = {isa = PBXFileReference; fileEncoding = 4; lastKnownFileType = sourcecode.c.objc; name = Relauncher.m; path = ../../share/Relauncher.m; sourceTree = "<group>"; };
		3471130F1D870D74001AC60D /* libkrbn.a */ = {isa = PBXFileReference; lastKnownFileType = archive.ar; name = libkrbn.a; path = ../../lib/libkrbn/build/Release/libkrbn.a; sourceTree = "<group>"; };
		347113111D870E87001AC60D /* libkrbn.h */ = {isa = PBXFileReference; fileEncoding = 4; lastKnownFileType = sourcecode.c.h; name = libkrbn.h; path = ../../lib/libkrbn/libkrbn.h; sourceTree = "<group>"; };
		347113121D870F5F001AC60D /* libc++.dylib */ = {isa = PBXFileReference; lastKnownFileType = "compiled.mach-o.dylib"; name = "libc++.dylib"; path = "/usr/lib/libc++.dylib"; sourceTree = "<absolute>"; };
/* End PBXFileReference section */

/* Begin PBXFrameworksBuildPhase section */
		3445E05F1D801AF7004555F9 /* Frameworks */ = {
			isa = PBXFrameworksBuildPhase;
			buildActionMask = 2147483647;
			files = (
				347113101D870D74001AC60D /* libkrbn.a in Frameworks */,
				347113131D870F5F001AC60D /* libc++.dylib in Frameworks */,
			);
			runOnlyForDeploymentPostprocessing = 0;
		};
/* End PBXFrameworksBuildPhase section */

/* Begin PBXGroup section */
		3445E0591D801AF7004555F9 = {
			isa = PBXGroup;
			children = (
				3445E0641D801AF7004555F9 /* PreferencesWindow */,
				3445E0631D801AF7004555F9 /* Products */,
			);
			sourceTree = "<group>";
		};
		3445E0631D801AF7004555F9 /* Products */ = {
			isa = PBXGroup;
			children = (
				3445E0621D801AF7004555F9 /* Karabiner-Elements.app */,
			);
			name = Products;
			sourceTree = "<group>";
		};
		3445E0641D801AF7004555F9 /* PreferencesWindow */ = {
			isa = PBXGroup;
			children = (
				3445E0651D801AF7004555F9 /* AppDelegate.h */,
				3445E0661D801AF7004555F9 /* AppDelegate.m */,
				3445E06B1D801AF7004555F9 /* Assets.xcassets */,
				345F95351DA2AC78002854B8 /* ConfigurationManager.h */,
				345F95361DA2AC78002854B8 /* ConfigurationManager.m */,
				3445E0701D801AF7004555F9 /* Info.plist */,
				3469EB6D1D8127980005D30D /* LogFileTextViewController.h */,
				3469EB6E1D8127980005D30D /* LogFileTextViewController.m */,
				3445E06D1D801AF7004555F9 /* MainMenu.xib */,
				3469EB681D8061E40005D30D /* PreferencesWindowController.h */,
				3469EB691D8061E40005D30D /* PreferencesWindowController.m */,
				3469EB6B1D806AD60005D30D /* share */,
				3445E0681D801AF7004555F9 /* Supporting Files */,
				347112EB1D86E619001AC60D /* UpdaterController.h */,
				347112EC1D86E619001AC60D /* UpdaterController.m */,
			);
			path = PreferencesWindow;
			sourceTree = "<group>";
		};
		3445E0681D801AF7004555F9 /* Supporting Files */ = {
			isa = PBXGroup;
			children = (
				347113121D870F5F001AC60D /* libc++.dylib */,
				347113111D870E87001AC60D /* libkrbn.h */,
				3471130F1D870D74001AC60D /* libkrbn.a */,
				3445E0691D801AF7004555F9 /* main.m */,
			);
			name = "Supporting Files";
			sourceTree = "<group>";
		};
		3469EB6B1D806AD60005D30D /* share */ = {
			isa = PBXGroup;
			children = (
				347112EF1D87010A001AC60D /* Relauncher.h */,
				347112F01D87010A001AC60D /* Relauncher.m */,
				3469EB6C1D806AEA0005D30D /* weakify.h */,
			);
			name = share;
			sourceTree = "<group>";
		};
/* End PBXGroup section */

/* Begin PBXNativeTarget section */
		3445E0611D801AF7004555F9 /* Karabiner-Elements */ = {
			isa = PBXNativeTarget;
			buildConfigurationList = 3445E0731D801AF7004555F9 /* Build configuration list for PBXNativeTarget "Karabiner-Elements" */;
			buildPhases = (
				3445E05E1D801AF7004555F9 /* Sources */,
				3445E05F1D801AF7004555F9 /* Frameworks */,
				3445E0601D801AF7004555F9 /* Resources */,
			);
			buildRules = (
			);
			dependencies = (
			);
			name = "Karabiner-Elements";
			productName = "Karabiner-Elements Preferences Window";
			productReference = 3445E0621D801AF7004555F9 /* Karabiner-Elements.app */;
			productType = "com.apple.product-type.application";
		};
/* End PBXNativeTarget section */

/* Begin PBXProject section */
		3445E05A1D801AF7004555F9 /* Project object */ = {
			isa = PBXProject;
			attributes = {
				LastUpgradeCheck = 0800;
				TargetAttributes = {
					3445E0611D801AF7004555F9 = {
						CreatedOnToolsVersion = 7.3.1;
					};
				};
			};
			buildConfigurationList = 3445E05D1D801AF7004555F9 /* Build configuration list for PBXProject "PreferencesWindow" */;
			compatibilityVersion = "Xcode 6.3";
			developmentRegion = English;
			hasScannedForEncodings = 0;
			knownRegions = (
				en,
				Base,
			);
			mainGroup = 3445E0591D801AF7004555F9;
			productRefGroup = 3445E0631D801AF7004555F9 /* Products */;
			projectDirPath = "";
			projectRoot = "";
			targets = (
				3445E0611D801AF7004555F9 /* Karabiner-Elements */,
			);
		};
/* End PBXProject section */

/* Begin PBXResourcesBuildPhase section */
		3445E0601D801AF7004555F9 /* Resources */ = {
			isa = PBXResourcesBuildPhase;
			buildActionMask = 2147483647;
			files = (
				3445E06C1D801AF7004555F9 /* Assets.xcassets in Resources */,
				3445E06F1D801AF7004555F9 /* MainMenu.xib in Resources */,
			);
			runOnlyForDeploymentPostprocessing = 0;
		};
/* End PBXResourcesBuildPhase section */

/* Begin PBXSourcesBuildPhase section */
		3445E05E1D801AF7004555F9 /* Sources */ = {
			isa = PBXSourcesBuildPhase;
			buildActionMask = 2147483647;
			files = (
				347112ED1D86E619001AC60D /* UpdaterController.m in Sources */,
				3469EB6F1D8127980005D30D /* LogFileTextViewController.m in Sources */,
				347112F11D87010A001AC60D /* Relauncher.m in Sources */,
				345F95371DA2AC78002854B8 /* ConfigurationManager.m in Sources */,
				3445E06A1D801AF7004555F9 /* main.m in Sources */,
				3469EB6A1D8061E40005D30D /* PreferencesWindowController.m in Sources */,
				3445E0671D801AF7004555F9 /* AppDelegate.m in Sources */,
			);
			runOnlyForDeploymentPostprocessing = 0;
		};
/* End PBXSourcesBuildPhase section */

/* Begin PBXVariantGroup section */
		3445E06D1D801AF7004555F9 /* MainMenu.xib */ = {
			isa = PBXVariantGroup;
			children = (
				3445E06E1D801AF7004555F9 /* Base */,
			);
			name = MainMenu.xib;
			sourceTree = "<group>";
		};
/* End PBXVariantGroup section */

/* Begin XCBuildConfiguration section */
		3445E0721D801AF7004555F9 /* Release */ = {
			isa = XCBuildConfiguration;
			buildSettings = {
				ALWAYS_SEARCH_USER_PATHS = NO;
				CLANG_ANALYZER_NONNULL = YES;
				CLANG_CXX_LANGUAGE_STANDARD = "gnu++0x";
				CLANG_CXX_LIBRARY = "libc++";
				CLANG_ENABLE_MODULES = YES;
				CLANG_ENABLE_OBJC_ARC = YES;
				CLANG_WARN_BOOL_CONVERSION = YES;
				CLANG_WARN_CONSTANT_CONVERSION = YES;
				CLANG_WARN_DIRECT_OBJC_ISA_USAGE = YES_ERROR;
				CLANG_WARN_EMPTY_BODY = YES;
				CLANG_WARN_ENUM_CONVERSION = YES;
				CLANG_WARN_INFINITE_RECURSION = YES;
				CLANG_WARN_INT_CONVERSION = YES;
				CLANG_WARN_OBJC_ROOT_CLASS = YES_ERROR;
				CLANG_WARN_SUSPICIOUS_MOVE = YES;
				CLANG_WARN_UNREACHABLE_CODE = YES;
				CLANG_WARN__DUPLICATE_METHOD_MATCH = YES;
				COPY_PHASE_STRIP = NO;
				DEBUG_INFORMATION_FORMAT = "dwarf-with-dsym";
				ENABLE_NS_ASSERTIONS = NO;
				ENABLE_STRICT_OBJC_MSGSEND = YES;
				GCC_C_LANGUAGE_STANDARD = gnu99;
				GCC_NO_COMMON_BLOCKS = YES;
				GCC_TREAT_WARNINGS_AS_ERRORS = YES;
				GCC_WARN_64_TO_32_BIT_CONVERSION = YES;
				GCC_WARN_ABOUT_MISSING_NEWLINE = YES;
				GCC_WARN_ABOUT_MISSING_PROTOTYPES = YES;
				GCC_WARN_ABOUT_RETURN_TYPE = YES;
				GCC_WARN_CHECK_SWITCH_STATEMENTS = YES;
				GCC_WARN_MISSING_PARENTHESES = YES;
				GCC_WARN_NON_VIRTUAL_DESTRUCTOR = YES;
				GCC_WARN_SHADOW = YES;
				GCC_WARN_SIGN_COMPARE = YES;
				GCC_WARN_UNDECLARED_SELECTOR = YES;
				GCC_WARN_UNINITIALIZED_AUTOS = YES;
				GCC_WARN_UNUSED_FUNCTION = YES;
				GCC_WARN_UNUSED_LABEL = YES;
				GCC_WARN_UNUSED_VALUE = YES;
				GCC_WARN_UNUSED_VARIABLE = YES;
				LIBRARY_SEARCH_PATHS = ../lib/libkrbn/build/Release;
				MACOSX_DEPLOYMENT_TARGET = 10.10;
				MTL_ENABLE_DEBUG_INFO = NO;
				RUN_CLANG_STATIC_ANALYZER = YES;
				SDKROOT = macosx;
			};
			name = Release;
		};
		3445E0751D801AF7004555F9 /* Release */ = {
			isa = XCBuildConfiguration;
			buildSettings = {
				ASSETCATALOG_COMPILER_APPICON_NAME = AppIcon;
				COMBINE_HIDPI_IMAGES = YES;
				INFOPLIST_FILE = PreferencesWindow/Info.plist;
				LD_RUNPATH_SEARCH_PATHS = "$(inherited) @executable_path/../Frameworks";
				PRODUCT_BUNDLE_IDENTIFIER = "org.pqrs.Karabiner-Elements-Preferences-Window";
				PRODUCT_NAME = "Karabiner-Elements";
			};
			name = Release;
		};
/* End XCBuildConfiguration section */

/* Begin XCConfigurationList section */
		3445E05D1D801AF7004555F9 /* Build configuration list for PBXProject "PreferencesWindow" */ = {
			isa = XCConfigurationList;
			buildConfigurations = (
				3445E0721D801AF7004555F9 /* Release */,
			);
			defaultConfigurationIsVisible = 0;
			defaultConfigurationName = Release;
		};
		3445E0731D801AF7004555F9 /* Build configuration list for PBXNativeTarget "Karabiner-Elements" */ = {
			isa = XCConfigurationList;
			buildConfigurations = (
				3445E0751D801AF7004555F9 /* Release */,
			);
			defaultConfigurationIsVisible = 0;
			defaultConfigurationName = Release;
		};
/* End XCConfigurationList section */
	};
	rootObject = 3445E05A1D801AF7004555F9 /* Project object */;
}
