// !$*UTF8*$!
{
	archiveVersion = 1;
	classes = {
	};
	objectVersion = 47;
	objects = {

/* Begin PBXBuildFile section */
		34A88A9F1D685A5000DD480B /* main.cpp in Sources */ = {isa = PBXBuildFile; fileRef = 34A88A9E1D685A5000DD480B /* main.cpp */; };
		34BB0F0B1D22853700372174 /* IOKit.framework in Frameworks */ = {isa = PBXBuildFile; fileRef = 34BB0F0A1D22853700372174 /* IOKit.framework */; };
		34DA28A01D8E94FB0029E37D /* SystemConfiguration.framework in Frameworks */ = {isa = PBXBuildFile; fileRef = 34DA289F1D8E94FB0029E37D /* SystemConfiguration.framework */; };
		34E9F62F1D2134770007AE90 /* Carbon.framework in Frameworks */ = {isa = PBXBuildFile; fileRef = 34E9F62E1D2134770007AE90 /* Carbon.framework */; };
/* End PBXBuildFile section */

/* Begin PBXCopyFilesBuildPhase section */
		3441490F1D212A1600C8ECFC /* CopyFiles */ = {
			isa = PBXCopyFilesBuildPhase;
			buildActionMask = 2147483647;
			dstPath = /usr/share/man/man1/;
			dstSubfolderSpec = 0;
			files = (
			);
			runOnlyForDeploymentPostprocessing = 1;
		};
/* End PBXCopyFilesBuildPhase section */

/* Begin PBXFileReference section */
		341C8E871D4CF4AE0018D32C /* local_datagram_server.hpp */ = {isa = PBXFileReference; fileEncoding = 4; lastKnownFileType = sourcecode.cpp.h; name = local_datagram_server.hpp; path = ../../share/local_datagram_server.hpp; sourceTree = SOURCE_ROOT; };
		341F59CC1D516B1500B441A8 /* constants.hpp */ = {isa = PBXFileReference; fileEncoding = 4; lastKnownFileType = sourcecode.cpp.h; name = constants.hpp; path = ../../share/constants.hpp; sourceTree = SOURCE_ROOT; };
		341F59D51D535D2500B441A8 /* local_datagram_client.hpp */ = {isa = PBXFileReference; fileEncoding = 4; lastKnownFileType = sourcecode.cpp.h; name = local_datagram_client.hpp; path = ../../share/local_datagram_client.hpp; sourceTree = SOURCE_ROOT; };
		341F59DB1D57789500B441A8 /* iokit_utility.hpp */ = {isa = PBXFileReference; fileEncoding = 4; lastKnownFileType = sourcecode.cpp.h; name = iokit_utility.hpp; path = ../../share/iokit_utility.hpp; sourceTree = SOURCE_ROOT; };
		3431346F1DB710E80008F284 /* gcd_utility.hpp */ = {isa = PBXFileReference; fileEncoding = 4; lastKnownFileType = sourcecode.cpp.h; name = gcd_utility.hpp; path = ../../share/gcd_utility.hpp; sourceTree = SOURCE_ROOT; };
		343134711DB71C2C0008F284 /* thread_utility.hpp */ = {isa = PBXFileReference; fileEncoding = 4; lastKnownFileType = sourcecode.cpp.h; name = thread_utility.hpp; path = ../../share/thread_utility.hpp; sourceTree = SOURCE_ROOT; };
		344149111D212A1600C8ECFC /* karabiner_console_user_server */ = {isa = PBXFileReference; explicitFileType = "compiled.mach-o.executable"; includeInIndex = 0; path = karabiner_console_user_server; sourceTree = BUILT_PRODUCTS_DIR; };
		34492B891DB12F430084F167 /* spdlog_utility.hpp */ = {isa = PBXFileReference; fileEncoding = 4; lastKnownFileType = sourcecode.cpp.h; name = spdlog_utility.hpp; path = ../../share/spdlog_utility.hpp; sourceTree = SOURCE_ROOT; };
		345A9DE31D7DD6E600578F84 /* configuration_manager.hpp */ = {isa = PBXFileReference; fileEncoding = 4; lastKnownFileType = sourcecode.cpp.h; name = configuration_manager.hpp; path = include/configuration_manager.hpp; sourceTree = SOURCE_ROOT; };
		345A9DE41D7DD7A200578F84 /* core_configuration.hpp */ = {isa = PBXFileReference; fileEncoding = 4; lastKnownFileType = sourcecode.cpp.h; name = core_configuration.hpp; path = ../../share/core_configuration.hpp; sourceTree = SOURCE_ROOT; };
		345ABFFE1D60AD6D009D1FB4 /* system_preferences.hpp */ = {isa = PBXFileReference; fileEncoding = 4; lastKnownFileType = sourcecode.cpp.h; name = system_preferences.hpp; path = ../../share/system_preferences.hpp; sourceTree = SOURCE_ROOT; };
		345AC0031D620E28009D1FB4 /* notification_center.hpp */ = {isa = PBXFileReference; fileEncoding = 4; lastKnownFileType = sourcecode.cpp.h; name = notification_center.hpp; path = ../../share/notification_center.hpp; sourceTree = SOURCE_ROOT; };
		345AC0051D621651009D1FB4 /* boost_defs.hpp */ = {isa = PBXFileReference; fileEncoding = 4; lastKnownFileType = sourcecode.cpp.h; name = boost_defs.hpp; path = ../../share/boost_defs.hpp; sourceTree = SOURCE_ROOT; };
		347113151D871EC1001AC60D /* process_monitor.hpp */ = {isa = PBXFileReference; fileEncoding = 4; lastKnownFileType = sourcecode.cpp.h; name = process_monitor.hpp; path = ../../share/process_monitor.hpp; sourceTree = SOURCE_ROOT; };
		3492C9B61D752C820055988F /* hid_system_client.hpp */ = {isa = PBXFileReference; fileEncoding = 4; lastKnownFileType = sourcecode.cpp.h; name = hid_system_client.hpp; path = ../../share/hid_system_client.hpp; sourceTree = SOURCE_ROOT; };
		3492C9BC1D772D8B0055988F /* filesystem.hpp */ = {isa = PBXFileReference; fileEncoding = 4; lastKnownFileType = sourcecode.cpp.h; name = filesystem.hpp; path = ../../share/filesystem.hpp; sourceTree = SOURCE_ROOT; };
		349950651D898530004FE466 /* system_preferences_monitor.hpp */ = {isa = PBXFileReference; fileEncoding = 4; lastKnownFileType = sourcecode.cpp.h; name = system_preferences_monitor.hpp; path = ../../share/system_preferences_monitor.hpp; sourceTree = SOURCE_ROOT; };
		34A88A971D685A4600DD480B /* connection_manager.hpp */ = {isa = PBXFileReference; fileEncoding = 4; lastKnownFileType = sourcecode.cpp.h; name = connection_manager.hpp; path = include/connection_manager.hpp; sourceTree = SOURCE_ROOT; };
		34A88A981D685A4600DD480B /* grabber_client.hpp */ = {isa = PBXFileReference; fileEncoding = 4; lastKnownFileType = sourcecode.cpp.h; name = grabber_client.hpp; path = ../../share/grabber_client.hpp; sourceTree = SOURCE_ROOT; };
		34A88A9B1D685A4600DD480B /* logger.hpp */ = {isa = PBXFileReference; fileEncoding = 4; lastKnownFileType = sourcecode.cpp.h; name = logger.hpp; path = include/logger.hpp; sourceTree = SOURCE_ROOT; };
		34A88A9D1D685A4600DD480B /* session.hpp */ = {isa = PBXFileReference; fileEncoding = 4; lastKnownFileType = sourcecode.cpp.h; name = session.hpp; path = ../../share/session.hpp; sourceTree = SOURCE_ROOT; };
		34A88A9E1D685A5000DD480B /* main.cpp */ = {isa = PBXFileReference; fileEncoding = 4; lastKnownFileType = sourcecode.cpp.cpp; path = main.cpp; sourceTree = SOURCE_ROOT; };
		34A88AA01D685A5C00DD480B /* karabiner_version.h */ = {isa = PBXFileReference; fileEncoding = 4; lastKnownFileType = sourcecode.c.h; name = karabiner_version.h; path = ../../share/karabiner_version.h; sourceTree = SOURCE_ROOT; };
		34A88AA71D6DF8E300DD480B /* types.hpp */ = {isa = PBXFileReference; fileEncoding = 4; lastKnownFileType = sourcecode.cpp.h; name = types.hpp; path = ../../share/types.hpp; sourceTree = SOURCE_ROOT; };
		34BB0F0A1D22853700372174 /* IOKit.framework */ = {isa = PBXFileReference; lastKnownFileType = wrapper.framework; name = IOKit.framework; path = System/Library/Frameworks/IOKit.framework; sourceTree = SDKROOT; };
		34DA289F1D8E94FB0029E37D /* SystemConfiguration.framework */ = {isa = PBXFileReference; lastKnownFileType = wrapper.framework; name = SystemConfiguration.framework; path = System/Library/Frameworks/SystemConfiguration.framework; sourceTree = SDKROOT; };
		34DA28A11D8FA4A40029E37D /* file_monitor.hpp */ = {isa = PBXFileReference; fileEncoding = 4; lastKnownFileType = sourcecode.cpp.h; name = file_monitor.hpp; path = ../../share/file_monitor.hpp; sourceTree = SOURCE_ROOT; };
		34E9F62E1D2134770007AE90 /* Carbon.framework */ = {isa = PBXFileReference; lastKnownFileType = wrapper.framework; name = Carbon.framework; path = System/Library/Frameworks/Carbon.framework; sourceTree = SDKROOT; };
/* End PBXFileReference section */

/* Begin PBXFrameworksBuildPhase section */
		3441490E1D212A1600C8ECFC /* Frameworks */ = {
			isa = PBXFrameworksBuildPhase;
			buildActionMask = 2147483647;
			files = (
				34DA28A01D8E94FB0029E37D /* SystemConfiguration.framework in Frameworks */,
				34BB0F0B1D22853700372174 /* IOKit.framework in Frameworks */,
				34E9F62F1D2134770007AE90 /* Carbon.framework in Frameworks */,
			);
			runOnlyForDeploymentPostprocessing = 0;
		};
/* End PBXFrameworksBuildPhase section */

/* Begin PBXGroup section */
		344149081D212A1600C8ECFC = {
			isa = PBXGroup;
			children = (
				34BB0F0C1D22853D00372174 /* Frameworks */,
				344149131D212A1600C8ECFC /* console_user_server */,
				344149121D212A1600C8ECFC /* Products */,
			);
			sourceTree = "<group>";
		};
		344149121D212A1600C8ECFC /* Products */ = {
			isa = PBXGroup;
			children = (
				344149111D212A1600C8ECFC /* karabiner_console_user_server */,
			);
			name = Products;
			sourceTree = "<group>";
		};
		344149131D212A1600C8ECFC /* console_user_server */ = {
			isa = PBXGroup;
			children = (
				34E450271D2AB18400C5AC13 /* include */,
				34A88A9E1D685A5000DD480B /* main.cpp */,
				3495C6801D3CE652007CB9E7 /* share */,
			);
			path = console_user_server;
			sourceTree = "<group>";
		};
		3495C6801D3CE652007CB9E7 /* share */ = {
			isa = PBXGroup;
			children = (
				345AC0051D621651009D1FB4 /* boost_defs.hpp */,
				345A9DE41D7DD7A200578F84 /* core_configuration.hpp */,
				345A9DE31D7DD6E600578F84 /* configuration_manager.hpp */,
				341F59CC1D516B1500B441A8 /* constants.hpp */,
				34DA28A11D8FA4A40029E37D /* file_monitor.hpp */,
				3492C9BC1D772D8B0055988F /* filesystem.hpp */,
				3431346F1DB710E80008F284 /* gcd_utility.hpp */,
				34A88A981D685A4600DD480B /* grabber_client.hpp */,
				3492C9B61D752C820055988F /* hid_system_client.hpp */,
				341F59DB1D57789500B441A8 /* iokit_utility.hpp */,
				34A88AA01D685A5C00DD480B /* karabiner_version.h */,
				341F59D51D535D2500B441A8 /* local_datagram_client.hpp */,
				341C8E871D4CF4AE0018D32C /* local_datagram_server.hpp */,
				345AC0031D620E28009D1FB4 /* notification_center.hpp */,
				347113151D871EC1001AC60D /* process_monitor.hpp */,
				34A88A9D1D685A4600DD480B /* session.hpp */,
				34492B891DB12F430084F167 /* spdlog_utility.hpp */,
				349950651D898530004FE466 /* system_preferences_monitor.hpp */,
				345ABFFE1D60AD6D009D1FB4 /* system_preferences.hpp */,
				343134711DB71C2C0008F284 /* thread_utility.hpp */,
				34A88AA71D6DF8E300DD480B /* types.hpp */,
			);
			name = share;
			sourceTree = "<group>";
		};
		34BB0F0C1D22853D00372174 /* Frameworks */ = {
			isa = PBXGroup;
			children = (
				34DA289F1D8E94FB0029E37D /* SystemConfiguration.framework */,
				34BB0F0A1D22853700372174 /* IOKit.framework */,
				34E9F62E1D2134770007AE90 /* Carbon.framework */,
			);
			name = Frameworks;
			sourceTree = "<group>";
		};
		34E450271D2AB18400C5AC13 /* include */ = {
			isa = PBXGroup;
			children = (
				34A88A971D685A4600DD480B /* connection_manager.hpp */,
				34A88A9B1D685A4600DD480B /* logger.hpp */,
			);
			name = include;
			sourceTree = "<group>";
		};
/* End PBXGroup section */

/* Begin PBXNativeTarget section */
		344149101D212A1600C8ECFC /* karabiner_console_user_server */ = {
			isa = PBXNativeTarget;
			buildConfigurationList = 344149181D212A1600C8ECFC /* Build configuration list for PBXNativeTarget "karabiner_console_user_server" */;
			buildPhases = (
				3441490D1D212A1600C8ECFC /* Sources */,
				3441490E1D212A1600C8ECFC /* Frameworks */,
				3441490F1D212A1600C8ECFC /* CopyFiles */,
			);
			buildRules = (
			);
			dependencies = (
			);
			name = karabiner_console_user_server;
			productName = console_user_server;
			productReference = 344149111D212A1600C8ECFC /* karabiner_console_user_server */;
			productType = "com.apple.product-type.tool";
		};
/* End PBXNativeTarget section */

/* Begin PBXProject section */
		344149091D212A1600C8ECFC /* Project object */ = {
			isa = PBXProject;
			attributes = {
				LastUpgradeCheck = 0800;
				TargetAttributes = {
					344149101D212A1600C8ECFC = {
						CreatedOnToolsVersion = 7.3.1;
					};
				};
			};
			buildConfigurationList = 3441490C1D212A1600C8ECFC /* Build configuration list for PBXProject "karabiner_console_user_server" */;
			compatibilityVersion = "Xcode 6.3";
			developmentRegion = English;
			hasScannedForEncodings = 0;
			knownRegions = (
				en,
			);
			mainGroup = 344149081D212A1600C8ECFC;
			productRefGroup = 344149121D212A1600C8ECFC /* Products */;
			projectDirPath = "";
			projectRoot = "";
			targets = (
				344149101D212A1600C8ECFC /* karabiner_console_user_server */,
			);
		};
/* End PBXProject section */

/* Begin PBXSourcesBuildPhase section */
		3441490D1D212A1600C8ECFC /* Sources */ = {
			isa = PBXSourcesBuildPhase;
			buildActionMask = 2147483647;
			files = (
				34A88A9F1D685A5000DD480B /* main.cpp in Sources */,
			);
			runOnlyForDeploymentPostprocessing = 0;
		};
/* End PBXSourcesBuildPhase section */

/* Begin XCBuildConfiguration section */
		344149171D212A1600C8ECFC /* Release */ = {
			isa = XCBuildConfiguration;
			buildSettings = {
				ALWAYS_SEARCH_USER_PATHS = NO;
				CLANG_CXX_LANGUAGE_STANDARD = "c++14";
				CLANG_CXX_LIBRARY = "libc++";
				CLANG_ENABLE_MODULES = YES;
				CLANG_ENABLE_OBJC_ARC = YES;
				CLANG_WARN_BOOL_CONVERSION = YES;
				CLANG_WARN_CONSTANT_CONVERSION = YES;
				CLANG_WARN_DIRECT_OBJC_ISA_USAGE = YES_ERROR;
				CLANG_WARN_EMPTY_BODY = YES;
				CLANG_WARN_ENUM_CONVERSION = YES;
				CLANG_WARN_INFINITE_RECURSION = YES;
				CLANG_WARN_INT_CONVERSION = YES;
				CLANG_WARN_OBJC_ROOT_CLASS = YES_ERROR;
				CLANG_WARN_SUSPICIOUS_MOVE = YES;
				CLANG_WARN_UNREACHABLE_CODE = YES;
				CLANG_WARN__DUPLICATE_METHOD_MATCH = YES;
				COPY_PHASE_STRIP = YES;
				DEBUG_INFORMATION_FORMAT = "dwarf-with-dsym";
				ENABLE_NS_ASSERTIONS = NO;
				ENABLE_STRICT_OBJC_MSGSEND = YES;
				GCC_C_LANGUAGE_STANDARD = gnu99;
				GCC_ENABLE_OBJC_EXCEPTIONS = YES;
				GCC_NO_COMMON_BLOCKS = YES;
				GCC_TREAT_WARNINGS_AS_ERRORS = YES;
				GCC_WARN_64_TO_32_BIT_CONVERSION = YES;
				GCC_WARN_ABOUT_MISSING_NEWLINE = YES;
				GCC_WARN_ABOUT_MISSING_PROTOTYPES = YES;
				GCC_WARN_ABOUT_RETURN_TYPE = YES;
				GCC_WARN_CHECK_SWITCH_STATEMENTS = YES;
				GCC_WARN_MISSING_PARENTHESES = YES;
				GCC_WARN_NON_VIRTUAL_DESTRUCTOR = YES;
				GCC_WARN_SHADOW = YES;
				GCC_WARN_SIGN_COMPARE = YES;
				GCC_WARN_UNDECLARED_SELECTOR = YES;
				GCC_WARN_UNINITIALIZED_AUTOS = YES;
				GCC_WARN_UNUSED_FUNCTION = YES;
				GCC_WARN_UNUSED_LABEL = YES;
				GCC_WARN_UNUSED_VALUE = YES;
				GCC_WARN_UNUSED_VARIABLE = YES;
				HEADER_SEARCH_PATHS = (
					../../vendor,
					/opt/local/include,
					/usr/local/include,
				);
				MACOSX_DEPLOYMENT_TARGET = 10.10;
				RUN_CLANG_STATIC_ANALYZER = YES;
				SDKROOT = macosx;
			};
			name = Release;
		};
		3441491A1D212A1600C8ECFC /* Release */ = {
			isa = XCBuildConfiguration;
			buildSettings = {
				PRODUCT_NAME = karabiner_console_user_server;
			};
			name = Release;
		};
/* End XCBuildConfiguration section */

/* Begin XCConfigurationList section */
		3441490C1D212A1600C8ECFC /* Build configuration list for PBXProject "karabiner_console_user_server" */ = {
			isa = XCConfigurationList;
			buildConfigurations = (
				344149171D212A1600C8ECFC /* Release */,
			);
			defaultConfigurationIsVisible = 0;
			defaultConfigurationName = Release;
		};
		344149181D212A1600C8ECFC /* Build configuration list for PBXNativeTarget "karabiner_console_user_server" */ = {
			isa = XCConfigurationList;
			buildConfigurations = (
				3441491A1D212A1600C8ECFC /* Release */,
			);
			defaultConfigurationIsVisible = 0;
			defaultConfigurationName = Release;
		};
/* End XCConfigurationList section */
	};
	rootObject = 344149091D212A1600C8ECFC /* Project object */;
}
