// !$*UTF8*$!
{
	archiveVersion = 1;
	classes = {
	};
	objectVersion = 47;
	objects = {

/* Begin PBXBuildFile section */
		34A88A961D6858D300DD480B /* main.cpp in Sources */ = {isa = PBXBuildFile; fileRef = 34A88A951D6858D300DD480B /* main.cpp */; };
		34BB0F0B1D22853700372174 /* IOKit.framework in Frameworks */ = {isa = PBXBuildFile; fileRef = 34BB0F0A1D22853700372174 /* IOKit.framework */; };
		34DA289B1D8B02160029E37D /* SystemConfiguration.framework in Frameworks */ = {isa = PBXBuildFile; fileRef = 34E420601D5042240022F821 /* SystemConfiguration.framework */; };
		34E9F62F1D2134770007AE90 /* Carbon.framework in Frameworks */ = {isa = PBXBuildFile; fileRef = 34E9F62E1D2134770007AE90 /* Carbon.framework */; };
/* End PBXBuildFile section */

/* Begin PBXCopyFilesBuildPhase section */
		3441490F1D212A1600C8ECFC /* CopyFiles */ = {
			isa = PBXCopyFilesBuildPhase;
			buildActionMask = 2147483647;
			dstPath = /usr/share/man/man1/;
			dstSubfolderSpec = 0;
			files = (
			);
			runOnlyForDeploymentPostprocessing = 1;
		};
/* End PBXCopyFilesBuildPhase section */

/* Begin PBXFileReference section */
		3411F57C1D84FD9400C4ED1E /* Security.framework */ = {isa = PBXFileReference; lastKnownFileType = wrapper.framework; name = Security.framework; path = System/Library/Frameworks/Security.framework; sourceTree = SDKROOT; };
		341C8E861D4CF1E10018D32C /* local_datagram_server.hpp */ = {isa = PBXFileReference; fileEncoding = 4; lastKnownFileType = sourcecode.cpp.h; name = local_datagram_server.hpp; path = ../../share/local_datagram_server.hpp; sourceTree = SOURCE_ROOT; };
		341F59CA1D5167E900B441A8 /* constants.hpp */ = {isa = PBXFileReference; fileEncoding = 4; lastKnownFileType = sourcecode.cpp.h; name = constants.hpp; path = ../../share/constants.hpp; sourceTree = SOURCE_ROOT; };
		341F59D11D5244F200B441A8 /* local_datagram_client.hpp */ = {isa = PBXFileReference; fileEncoding = 4; lastKnownFileType = sourcecode.cpp.h; name = local_datagram_client.hpp; path = ../../share/local_datagram_client.hpp; sourceTree = SOURCE_ROOT; };
		341F59DC1D5778A000B441A8 /* iokit_utility.hpp */ = {isa = PBXFileReference; fileEncoding = 4; lastKnownFileType = sourcecode.cpp.h; name = iokit_utility.hpp; path = ../../share/iokit_utility.hpp; sourceTree = SOURCE_ROOT; };
		3431346C1DB3CD8A0008F284 /* iopm_client.hpp */ = {isa = PBXFileReference; fileEncoding = 4; lastKnownFileType = sourcecode.cpp.h; name = iopm_client.hpp; path = ../../share/iopm_client.hpp; sourceTree = SOURCE_ROOT; };
		3431346E1DB70C900008F284 /* gcd_utility.hpp */ = {isa = PBXFileReference; fileEncoding = 4; lastKnownFileType = sourcecode.cpp.h; name = gcd_utility.hpp; path = ../../share/gcd_utility.hpp; sourceTree = SOURCE_ROOT; };
		343134701DB71BEC0008F284 /* thread_utility.hpp */ = {isa = PBXFileReference; fileEncoding = 4; lastKnownFileType = sourcecode.cpp.h; name = thread_utility.hpp; path = ../../share/thread_utility.hpp; sourceTree = SOURCE_ROOT; };
		344149111D212A1600C8ECFC /* karabiner_grabber */ = {isa = PBXFileReference; explicitFileType = "compiled.mach-o.executable"; includeInIndex = 0; path = karabiner_grabber; sourceTree = BUILT_PRODUCTS_DIR; };
		34492B881DB12C9A0084F167 /* spdlog_utility.hpp */ = {isa = PBXFileReference; fileEncoding = 4; lastKnownFileType = sourcecode.cpp.h; name = spdlog_utility.hpp; path = ../../share/spdlog_utility.hpp; sourceTree = SOURCE_ROOT; };
		345AC0021D620C8C009D1FB4 /* notification_center.hpp */ = {isa = PBXFileReference; fileEncoding = 4; lastKnownFileType = sourcecode.cpp.h; name = notification_center.hpp; path = ../../share/notification_center.hpp; sourceTree = SOURCE_ROOT; };
		345AC0041D62163F009D1FB4 /* boost_defs.hpp */ = {isa = PBXFileReference; fileEncoding = 4; lastKnownFileType = sourcecode.cpp.h; name = boost_defs.hpp; path = ../../share/boost_defs.hpp; sourceTree = SOURCE_ROOT; };
		3469EB701D814F140005D30D /* filesystem.hpp */ = {isa = PBXFileReference; fileEncoding = 4; lastKnownFileType = sourcecode.cpp.h; name = filesystem.hpp; path = ../../share/filesystem.hpp; sourceTree = SOURCE_ROOT; };
		347113141D871C6C001AC60D /* process_monitor.hpp */ = {isa = PBXFileReference; fileEncoding = 4; lastKnownFileType = sourcecode.cpp.h; name = process_monitor.hpp; path = ../../share/process_monitor.hpp; sourceTree = SOURCE_ROOT; };
		3476862C1E22A7A700A7DFAB /* cf_utility.hpp */ = {isa = PBXFileReference; fileEncoding = 4; lastKnownFileType = sourcecode.cpp.h; name = cf_utility.hpp; path = ../../../share/cf_utility.hpp; sourceTree = "<group>"; };
		348FC00A1D9B76830083F98F /* virtual_hid_device_client.hpp */ = {isa = PBXFileReference; fileEncoding = 4; lastKnownFileType = sourcecode.cpp.h; name = virtual_hid_device_client.hpp; path = ../../share/virtual_hid_device_client.hpp; sourceTree = SOURCE_ROOT; };
		349950681D89A25D004FE466 /* event_manipulator.hpp */ = {isa = PBXFileReference; fileEncoding = 4; lastKnownFileType = sourcecode.cpp.h; name = event_manipulator.hpp; path = include/manipulator/event_manipulator.hpp; sourceTree = SOURCE_ROOT; };
		349950691D89A2EF004FE466 /* system_preferences.hpp */ = {isa = PBXFileReference; fileEncoding = 4; lastKnownFileType = sourcecode.cpp.h; name = system_preferences.hpp; path = ../../share/system_preferences.hpp; sourceTree = SOURCE_ROOT; };
		34A88A881D6840C200DD480B /* device_grabber.hpp */ = {isa = PBXFileReference; fileEncoding = 4; lastKnownFileType = sourcecode.cpp.h; name = device_grabber.hpp; path = include/device_grabber.hpp; sourceTree = SOURCE_ROOT; };
		34A88A891D6840C200DD480B /* receiver.hpp */ = {isa = PBXFileReference; fileEncoding = 4; lastKnownFileType = sourcecode.cpp.h; name = receiver.hpp; path = include/receiver.hpp; sourceTree = SOURCE_ROOT; };
		34A88A8C1D6840C200DD480B /* logger.hpp */ = {isa = PBXFileReference; fileEncoding = 4; lastKnownFileType = sourcecode.cpp.h; name = logger.hpp; path = include/logger.hpp; sourceTree = SOURCE_ROOT; };
		34A88A8F1D6840C200DD480B /* session.hpp */ = {isa = PBXFileReference; fileEncoding = 4; lastKnownFileType = sourcecode.cpp.h; name = session.hpp; path = ../../share/session.hpp; sourceTree = SOURCE_ROOT; };
		34A88A901D6840C200DD480B /* connection_manager.hpp */ = {isa = PBXFileReference; fileEncoding = 4; lastKnownFileType = sourcecode.cpp.h; name = connection_manager.hpp; path = include/connection_manager.hpp; sourceTree = SOURCE_ROOT; };
		34A88A941D68446C00DD480B /* karabiner_version.h */ = {isa = PBXFileReference; fileEncoding = 4; lastKnownFileType = sourcecode.c.h; name = karabiner_version.h; path = ../../share/karabiner_version.h; sourceTree = SOURCE_ROOT; };
		34A88A951D6858D300DD480B /* main.cpp */ = {isa = PBXFileReference; fileEncoding = 4; lastKnownFileType = sourcecode.cpp.cpp; path = main.cpp; sourceTree = SOURCE_ROOT; };
		34A88AA21D69B66200DD480B /* manipulator.hpp */ = {isa = PBXFileReference; fileEncoding = 4; lastKnownFileType = sourcecode.cpp.h; name = manipulator.hpp; path = include/manipulator.hpp; sourceTree = SOURCE_ROOT; };
		34A88AA41D69C85600DD480B /* modifier_flag_manager.hpp */ = {isa = PBXFileReference; fileEncoding = 4; lastKnownFileType = sourcecode.cpp.h; name = modifier_flag_manager.hpp; path = include/manipulator/modifier_flag_manager.hpp; sourceTree = SOURCE_ROOT; };
		34A88AA61D6DF89900DD480B /* types.hpp */ = {isa = PBXFileReference; fileEncoding = 4; lastKnownFileType = sourcecode.cpp.h; name = types.hpp; path = ../../share/types.hpp; sourceTree = SOURCE_ROOT; };
		34BB0F0A1D22853700372174 /* IOKit.framework */ = {isa = PBXFileReference; lastKnownFileType = wrapper.framework; name = IOKit.framework; path = System/Library/Frameworks/IOKit.framework; sourceTree = SDKROOT; };
		34CFEC6D1D92D243004C61E1 /* event_tap_manager.hpp */ = {isa = PBXFileReference; fileEncoding = 4; lastKnownFileType = sourcecode.cpp.h; name = event_tap_manager.hpp; path = include/event_tap_manager.hpp; sourceTree = SOURCE_ROOT; };
		34D2FC841D9C120F00168D20 /* pointing_button_manager.hpp */ = {isa = PBXFileReference; fileEncoding = 4; lastKnownFileType = sourcecode.cpp.h; name = pointing_button_manager.hpp; path = include/manipulator/pointing_button_manager.hpp; sourceTree = SOURCE_ROOT; };
		34DA28A31D8FC8BE0029E37D /* service_observer.hpp */ = {isa = PBXFileReference; fileEncoding = 4; lastKnownFileType = sourcecode.cpp.h; name = service_observer.hpp; path = ../../share/service_observer.hpp; sourceTree = SOURCE_ROOT; };
		34E420601D5042240022F821 /* SystemConfiguration.framework */ = {isa = PBXFileReference; lastKnownFileType = wrapper.framework; name = SystemConfiguration.framework; path = System/Library/Frameworks/SystemConfiguration.framework; sourceTree = SDKROOT; };
		34E9F62E1D2134770007AE90 /* Carbon.framework */ = {isa = PBXFileReference; lastKnownFileType = wrapper.framework; name = Carbon.framework; path = System/Library/Frameworks/Carbon.framework; sourceTree = SDKROOT; };
		34EED7101D6FA38400399AD1 /* apple_hid_usage_tables.hpp */ = {isa = PBXFileReference; fileEncoding = 4; lastKnownFileType = sourcecode.cpp.h; name = apple_hid_usage_tables.hpp; path = ../../share/apple_hid_usage_tables.hpp; sourceTree = SOURCE_ROOT; };
		34EED7111D6FA38C00399AD1 /* human_interface_device.hpp */ = {isa = PBXFileReference; fileEncoding = 4; lastKnownFileType = sourcecode.cpp.h; name = human_interface_device.hpp; path = ../../share/human_interface_device.hpp; sourceTree = SOURCE_ROOT; };
/* End PBXFileReference section */

/* Begin PBXFrameworksBuildPhase section */
		3441490E1D212A1600C8ECFC /* Frameworks */ = {
			isa = PBXFrameworksBuildPhase;
			buildActionMask = 2147483647;
			files = (
				34DA289B1D8B02160029E37D /* SystemConfiguration.framework in Frameworks */,
				34BB0F0B1D22853700372174 /* IOKit.framework in Frameworks */,
				34E9F62F1D2134770007AE90 /* Carbon.framework in Frameworks */,
			);
			runOnlyForDeploymentPostprocessing = 0;
		};
/* End PBXFrameworksBuildPhase section */

/* Begin PBXGroup section */
		344149081D212A1600C8ECFC = {
			isa = PBXGroup;
			children = (
				34BB0F0C1D22853D00372174 /* Frameworks */,
				344149131D212A1600C8ECFC /* grabber */,
				344149121D212A1600C8ECFC /* Products */,
			);
			sourceTree = "<group>";
		};
		344149121D212A1600C8ECFC /* Products */ = {
			isa = PBXGroup;
			children = (
				344149111D212A1600C8ECFC /* karabiner_grabber */,
			);
			name = Products;
			sourceTree = "<group>";
		};
		344149131D212A1600C8ECFC /* grabber */ = {
			isa = PBXGroup;
			children = (
				34E450271D2AB18400C5AC13 /* include */,
				34A88A951D6858D300DD480B /* main.cpp */,
				3495C6801D3CE652007CB9E7 /* share */,
			);
			path = grabber;
			sourceTree = "<group>";
		};
		3495C6801D3CE652007CB9E7 /* share */ = {
			isa = PBXGroup;
			children = (
				34EED7101D6FA38400399AD1 /* apple_hid_usage_tables.hpp */,
				345AC0041D62163F009D1FB4 /* boost_defs.hpp */,
				3476862C1E22A7A700A7DFAB /* cf_utility.hpp */,
				341F59CA1D5167E900B441A8 /* constants.hpp */,
				3469EB701D814F140005D30D /* filesystem.hpp */,
				3431346E1DB70C900008F284 /* gcd_utility.hpp */,
				34EED7111D6FA38C00399AD1 /* human_interface_device.hpp */,
				341F59DC1D5778A000B441A8 /* iokit_utility.hpp */,
				3431346C1DB3CD8A0008F284 /* iopm_client.hpp */,
				34A88A941D68446C00DD480B /* karabiner_version.h */,
				341F59D11D5244F200B441A8 /* local_datagram_client.hpp */,
				341C8E861D4CF1E10018D32C /* local_datagram_server.hpp */,
				345AC0021D620C8C009D1FB4 /* notification_center.hpp */,
				347113141D871C6C001AC60D /* process_monitor.hpp */,
				34DA28A31D8FC8BE0029E37D /* service_observer.hpp */,
				34A88A8F1D6840C200DD480B /* session.hpp */,
				34492B881DB12C9A0084F167 /* spdlog_utility.hpp */,
				349950691D89A2EF004FE466 /* system_preferences.hpp */,
				343134701DB71BEC0008F284 /* thread_utility.hpp */,
				34A88AA61D6DF89900DD480B /* types.hpp */,
				348FC00A1D9B76830083F98F /* virtual_hid_device_client.hpp */,
			);
			name = share;
			sourceTree = "<group>";
		};
		34A88AA31D69C84900DD480B /* manipulator */ = {
			isa = PBXGroup;
			children = (
				349950681D89A25D004FE466 /* event_manipulator.hpp */,
				34A88AA41D69C85600DD480B /* modifier_flag_manager.hpp */,
				34D2FC841D9C120F00168D20 /* pointing_button_manager.hpp */,
			);
			name = manipulator;
			sourceTree = "<group>";
		};
		34BB0F0C1D22853D00372174 /* Frameworks */ = {
			isa = PBXGroup;
			children = (
				3411F57C1D84FD9400C4ED1E /* Security.framework */,
				34E420601D5042240022F821 /* SystemConfiguration.framework */,
				34BB0F0A1D22853700372174 /* IOKit.framework */,
				34E9F62E1D2134770007AE90 /* Carbon.framework */,
			);
			name = Frameworks;
			sourceTree = "<group>";
		};
		34E450271D2AB18400C5AC13 /* include */ = {
			isa = PBXGroup;
			children = (
				34A88A901D6840C200DD480B /* connection_manager.hpp */,
				34A88A881D6840C200DD480B /* device_grabber.hpp */,
				34CFEC6D1D92D243004C61E1 /* event_tap_manager.hpp */,
				34A88A8C1D6840C200DD480B /* logger.hpp */,
				34A88AA31D69C84900DD480B /* manipulator */,
				34A88AA21D69B66200DD480B /* manipulator.hpp */,
				34A88A891D6840C200DD480B /* receiver.hpp */,
			);
			name = include;
			sourceTree = "<group>";
		};
/* End PBXGroup section */

/* Begin PBXNativeTarget section */
		344149101D212A1600C8ECFC /* karabiner_grabber */ = {
			isa = PBXNativeTarget;
			buildConfigurationList = 344149181D212A1600C8ECFC /* Build configuration list for PBXNativeTarget "karabiner_grabber" */;
			buildPhases = (
				3441490D1D212A1600C8ECFC /* Sources */,
				3441490E1D212A1600C8ECFC /* Frameworks */,
				3441490F1D212A1600C8ECFC /* CopyFiles */,
			);
			buildRules = (
			);
			dependencies = (
			);
			name = karabiner_grabber;
			productName = grabber;
			productReference = 344149111D212A1600C8ECFC /* karabiner_grabber */;
			productType = "com.apple.product-type.tool";
		};
/* End PBXNativeTarget section */

/* Begin PBXProject section */
		344149091D212A1600C8ECFC /* Project object */ = {
			isa = PBXProject;
			attributes = {
				LastUpgradeCheck = 0800;
				TargetAttributes = {
					344149101D212A1600C8ECFC = {
						CreatedOnToolsVersion = 7.3.1;
					};
				};
			};
			buildConfigurationList = 3441490C1D212A1600C8ECFC /* Build configuration list for PBXProject "karabiner_grabber" */;
			compatibilityVersion = "Xcode 6.3";
			developmentRegion = English;
			hasScannedForEncodings = 0;
			knownRegions = (
				en,
			);
			mainGroup = 344149081D212A1600C8ECFC;
			productRefGroup = 344149121D212A1600C8ECFC /* Products */;
			projectDirPath = "";
			projectRoot = "";
			targets = (
				344149101D212A1600C8ECFC /* karabiner_grabber */,
			);
		};
/* End PBXProject section */

/* Begin PBXSourcesBuildPhase section */
		3441490D1D212A1600C8ECFC /* Sources */ = {
			isa = PBXSourcesBuildPhase;
			buildActionMask = 2147483647;
			files = (
				34A88A961D6858D300DD480B /* main.cpp in Sources */,
			);
			runOnlyForDeploymentPostprocessing = 0;
		};
/* End PBXSourcesBuildPhase section */

/* Begin XCBuildConfiguration section */
		344149171D212A1600C8ECFC /* Release */ = {
			isa = XCBuildConfiguration;
			buildSettings = {
				ALWAYS_SEARCH_USER_PATHS = NO;
				CLANG_CXX_LANGUAGE_STANDARD = "c++14";
				CLANG_CXX_LIBRARY = "libc++";
				CLANG_ENABLE_MODULES = YES;
				CLANG_ENABLE_OBJC_ARC = YES;
				CLANG_WARN_BOOL_CONVERSION = YES;
				CLANG_WARN_CONSTANT_CONVERSION = YES;
				CLANG_WARN_DIRECT_OBJC_ISA_USAGE = YES_ERROR;
				CLANG_WARN_EMPTY_BODY = YES;
				CLANG_WARN_ENUM_CONVERSION = YES;
				CLANG_WARN_INFINITE_RECURSION = YES;
				CLANG_WARN_INT_CONVERSION = YES;
				CLANG_WARN_OBJC_ROOT_CLASS = YES_ERROR;
				CLANG_WARN_SUSPICIOUS_MOVE = YES;
				CLANG_WARN_UNREACHABLE_CODE = YES;
				CLANG_WARN__DUPLICATE_METHOD_MATCH = YES;
				COPY_PHASE_STRIP = YES;
				DEBUG_INFORMATION_FORMAT = "dwarf-with-dsym";
				ENABLE_NS_ASSERTIONS = NO;
				ENABLE_STRICT_OBJC_MSGSEND = YES;
				GCC_C_LANGUAGE_STANDARD = gnu99;
				GCC_ENABLE_OBJC_EXCEPTIONS = YES;
				GCC_NO_COMMON_BLOCKS = YES;
				GCC_TREAT_WARNINGS_AS_ERRORS = YES;
				GCC_WARN_64_TO_32_BIT_CONVERSION = YES;
				GCC_WARN_ABOUT_MISSING_NEWLINE = YES;
				GCC_WARN_ABOUT_MISSING_PROTOTYPES = YES;
				GCC_WARN_ABOUT_RETURN_TYPE = YES;
				GCC_WARN_CHECK_SWITCH_STATEMENTS = YES;
				GCC_WARN_MISSING_PARENTHESES = YES;
				GCC_WARN_NON_VIRTUAL_DESTRUCTOR = YES;
				GCC_WARN_SHADOW = YES;
				GCC_WARN_SIGN_COMPARE = YES;
				GCC_WARN_UNDECLARED_SELECTOR = YES;
				GCC_WARN_UNINITIALIZED_AUTOS = YES;
				GCC_WARN_UNUSED_FUNCTION = YES;
				GCC_WARN_UNUSED_LABEL = YES;
				GCC_WARN_UNUSED_VALUE = YES;
				GCC_WARN_UNUSED_VARIABLE = YES;
				HEADER_SEARCH_PATHS = (
					../../vendor,
					/opt/local/include,
					/usr/local/include,
				);
				MACOSX_DEPLOYMENT_TARGET = 10.11;
				RUN_CLANG_STATIC_ANALYZER = YES;
				SDKROOT = macosx;
			};
			name = Release;
		};
		3441491A1D212A1600C8ECFC /* Release */ = {
			isa = XCBuildConfiguration;
			buildSettings = {
				PRODUCT_NAME = karabiner_grabber;
			};
			name = Release;
		};
/* End XCBuildConfiguration section */

/* Begin XCConfigurationList section */
		3441490C1D212A1600C8ECFC /* Build configuration list for PBXProject "karabiner_grabber" */ = {
			isa = XCConfigurationList;
			buildConfigurations = (
				344149171D212A1600C8ECFC /* Release */,
			);
			defaultConfigurationIsVisible = 0;
			defaultConfigurationName = Release;
		};
		344149181D212A1600C8ECFC /* Build configuration list for PBXNativeTarget "karabiner_grabber" */ = {
			isa = XCConfigurationList;
			buildConfigurations = (
				3441491A1D212A1600C8ECFC /* Release */,
			);
			defaultConfigurationIsVisible = 0;
			defaultConfigurationName = Release;
		};
/* End XCConfigurationList section */
	};
	rootObject = 344149091D212A1600C8ECFC /* Project object */;
}
