// !$*UTF8*$!
{
	archiveVersion = 1;
	classes = {
	};
	objectVersion = 47;
	objects = {

/* Begin PBXBuildFile section */
		345F95391DA2ADC8002854B8 /* libkrbn_log_monitor.cpp in Sources */ = {isa = PBXBuildFile; fileRef = 345F95381DA2ADC8002854B8 /* libkrbn_log_monitor.cpp */; };
		345F953B1DA2AE3F002854B8 /* libkrbn.hpp in Headers */ = {isa = PBXBuildFile; fileRef = 345F953A1DA2AE3F002854B8 /* libkrbn.hpp */; };
		345F953D1DA2AF06002854B8 /* libkrbn_configuration_monitor.cpp in Sources */ = {isa = PBXBuildFile; fileRef = 345F953C1DA2AF06002854B8 /* libkrbn_configuration_monitor.cpp */; };
		345F95421DA934C6002854B8 /* core_configuration.hpp in Headers */ = {isa = PBXBuildFile; fileRef = 345F95411DA934C6002854B8 /* core_configuration.hpp */; };
		347113051D8704B7001AC60D /* libkrbn.cpp in Sources */ = {isa = PBXBuildFile; fileRef = 347113031D8704B7001AC60D /* libkrbn.cpp */; };
		347113081D870834001AC60D /* libkrbn.h in Headers */ = {isa = PBXBuildFile; fileRef = 347113071D870834001AC60D /* libkrbn.h */; };
		3471130C1D87092D001AC60D /* constants.hpp in Headers */ = {isa = PBXBuildFile; fileRef = 3471130B1D87092D001AC60D /* constants.hpp */; };
		34B97B101DB8D2F600EB3583 /* thread_utility.hpp in Headers */ = {isa = PBXBuildFile; fileRef = 34B97B0F1DB8D2F600EB3583 /* thread_utility.hpp */; };
		34B97B241DBB2C4700EB3583 /* types.hpp in Headers */ = {isa = PBXBuildFile; fileRef = 34B97B231DBB2C4700EB3583 /* types.hpp */; };
		34B97B271DBB2C5A00EB3583 /* boost_defs.hpp in Headers */ = {isa = PBXBuildFile; fileRef = 34B97B261DBB2C5A00EB3583 /* boost_defs.hpp */; };
		34B97B2C1DBCD2CB00EB3583 /* libkrbn_device_monitor.cpp in Sources */ = {isa = PBXBuildFile; fileRef = 34B97B2B1DBCD2CB00EB3583 /* libkrbn_device_monitor.cpp */; };
		34CFEC6F1D9663E0004C61E1 /* file_monitor.hpp in Headers */ = {isa = PBXBuildFile; fileRef = 34CFEC6E1D9663E0004C61E1 /* file_monitor.hpp */; };
		34CFEC711D9663EC004C61E1 /* log_monitor.hpp in Headers */ = {isa = PBXBuildFile; fileRef = 34CFEC701D9663EC004C61E1 /* log_monitor.hpp */; };
		34CFEC731D9663F6004C61E1 /* spdlog_utility.hpp in Headers */ = {isa = PBXBuildFile; fileRef = 34CFEC721D9663F6004C61E1 /* spdlog_utility.hpp */; };
/* End PBXBuildFile section */

/* Begin PBXFileReference section */
		345F95381DA2ADC8002854B8 /* libkrbn_log_monitor.cpp */ = {isa = PBXFileReference; fileEncoding = 4; lastKnownFileType = sourcecode.cpp.cpp; path = libkrbn_log_monitor.cpp; sourceTree = "<group>"; };
		345F953A1DA2AE3F002854B8 /* libkrbn.hpp */ = {isa = PBXFileReference; fileEncoding = 4; lastKnownFileType = sourcecode.cpp.h; path = libkrbn.hpp; sourceTree = "<group>"; };
		345F953C1DA2AF06002854B8 /* libkrbn_configuration_monitor.cpp */ = {isa = PBXFileReference; fileEncoding = 4; lastKnownFileType = sourcecode.cpp.cpp; path = libkrbn_configuration_monitor.cpp; sourceTree = "<group>"; };
		345F95411DA934C6002854B8 /* core_configuration.hpp */ = {isa = PBXFileReference; fileEncoding = 4; lastKnownFileType = sourcecode.cpp.h; name = core_configuration.hpp; path = ../../../share/core_configuration.hpp; sourceTree = "<group>"; };
		347112FB1D8703F3001AC60D /* libkrbn.a */ = {isa = PBXFileReference; explicitFileType = archive.ar; includeInIndex = 0; path = libkrbn.a; sourceTree = BUILT_PRODUCTS_DIR; };
		347113031D8704B7001AC60D /* libkrbn.cpp */ = {isa = PBXFileReference; fileEncoding = 4; lastKnownFileType = sourcecode.cpp.cpp; path = libkrbn.cpp; sourceTree = "<group>"; };
		347113071D870834001AC60D /* libkrbn.h */ = {isa = PBXFileReference; fileEncoding = 4; lastKnownFileType = sourcecode.c.h; path = libkrbn.h; sourceTree = "<group>"; };
		3471130B1D87092D001AC60D /* constants.hpp */ = {isa = PBXFileReference; fileEncoding = 4; lastKnownFileType = sourcecode.cpp.h; name = constants.hpp; path = ../../../share/constants.hpp; sourceTree = "<group>"; };
		34B97B0F1DB8D2F600EB3583 /* thread_utility.hpp */ = {isa = PBXFileReference; fileEncoding = 4; lastKnownFileType = sourcecode.cpp.h; name = thread_utility.hpp; path = ../../../share/thread_utility.hpp; sourceTree = "<group>"; };
		34B97B231DBB2C4700EB3583 /* types.hpp */ = {isa = PBXFileReference; fileEncoding = 4; lastKnownFileType = sourcecode.cpp.h; name = types.hpp; path = ../../../share/types.hpp; sourceTree = "<group>"; };
		34B97B261DBB2C5A00EB3583 /* boost_defs.hpp */ = {isa = PBXFileReference; fileEncoding = 4; lastKnownFileType = sourcecode.cpp.h; name = boost_defs.hpp; path = ../../../share/boost_defs.hpp; sourceTree = "<group>"; };
		34B97B2B1DBCD2CB00EB3583 /* libkrbn_device_monitor.cpp */ = {isa = PBXFileReference; fileEncoding = 4; lastKnownFileType = sourcecode.cpp.cpp; path = libkrbn_device_monitor.cpp; sourceTree = "<group>"; };
		34CFEC6E1D9663E0004C61E1 /* file_monitor.hpp */ = {isa = PBXFileReference; fileEncoding = 4; lastKnownFileType = sourcecode.cpp.h; name = file_monitor.hpp; path = ../../../share/file_monitor.hpp; sourceTree = "<group>"; };
		34CFEC701D9663EC004C61E1 /* log_monitor.hpp */ = {isa = PBXFileReference; fileEncoding = 4; lastKnownFileType = sourcecode.cpp.h; name = log_monitor.hpp; path = ../../../share/log_monitor.hpp; sourceTree = "<group>"; };
		34CFEC721D9663F6004C61E1 /* spdlog_utility.hpp */ = {isa = PBXFileReference; fileEncoding = 4; lastKnownFileType = sourcecode.cpp.h; name = spdlog_utility.hpp; path = ../../../share/spdlog_utility.hpp; sourceTree = "<group>"; };
/* End PBXFileReference section */

/* Begin PBXFrameworksBuildPhase section */
		347112F81D8703F3001AC60D /* Frameworks */ = {
			isa = PBXFrameworksBuildPhase;
			buildActionMask = 2147483647;
			files = (
			);
			runOnlyForDeploymentPostprocessing = 0;
		};
/* End PBXFrameworksBuildPhase section */

/* Begin PBXGroup section */
		347112F21D8703F3001AC60D = {
			isa = PBXGroup;
			children = (
				347113021D8704A4001AC60D /* Sources */,
				347112FC1D8703F3001AC60D /* Products */,
			);
			sourceTree = "<group>";
		};
		347112FC1D8703F3001AC60D /* Products */ = {
			isa = PBXGroup;
			children = (
				347112FB1D8703F3001AC60D /* libkrbn.a */,
			);
			name = Products;
			sourceTree = "<group>";
		};
		347113021D8704A4001AC60D /* Sources */ = {
			isa = PBXGroup;
			children = (
				345F953C1DA2AF06002854B8 /* libkrbn_configuration_monitor.cpp */,
				34B97B2B1DBCD2CB00EB3583 /* libkrbn_device_monitor.cpp */,
				345F95381DA2ADC8002854B8 /* libkrbn_log_monitor.cpp */,
				347113031D8704B7001AC60D /* libkrbn.cpp */,
				347113071D870834001AC60D /* libkrbn.h */,
				345F953A1DA2AE3F002854B8 /* libkrbn.hpp */,
				347113091D87091F001AC60D /* share */,
			);
			name = Sources;
			sourceTree = "<group>";
		};
		347113091D87091F001AC60D /* share */ = {
			isa = PBXGroup;
			children = (
				34B97B261DBB2C5A00EB3583 /* boost_defs.hpp */,
				345F95411DA934C6002854B8 /* core_configuration.hpp */,
				3471130B1D87092D001AC60D /* constants.hpp */,
				34CFEC6E1D9663E0004C61E1 /* file_monitor.hpp */,
				34CFEC701D9663EC004C61E1 /* log_monitor.hpp */,
				34CFEC721D9663F6004C61E1 /* spdlog_utility.hpp */,
				34B97B0F1DB8D2F600EB3583 /* thread_utility.hpp */,
				34B97B231DBB2C4700EB3583 /* types.hpp */,
			);
			name = share;
			sourceTree = "<group>";
		};
/* End PBXGroup section */

/* Begin PBXHeadersBuildPhase section */
		347112F91D8703F3001AC60D /* Headers */ = {
			isa = PBXHeadersBuildPhase;
			buildActionMask = 2147483647;
			files = (
				3471130C1D87092D001AC60D /* constants.hpp in Headers */,
				345F953B1DA2AE3F002854B8 /* libkrbn.hpp in Headers */,
				34CFEC731D9663F6004C61E1 /* spdlog_utility.hpp in Headers */,
				34B97B101DB8D2F600EB3583 /* thread_utility.hpp in Headers */,
				34B97B271DBB2C5A00EB3583 /* boost_defs.hpp in Headers */,
				347113081D870834001AC60D /* libkrbn.h in Headers */,
				345F95421DA934C6002854B8 /* core_configuration.hpp in Headers */,
				34CFEC711D9663EC004C61E1 /* log_monitor.hpp in Headers */,
				34CFEC6F1D9663E0004C61E1 /* file_monitor.hpp in Headers */,
				34B97B241DBB2C4700EB3583 /* types.hpp in Headers */,
			);
			runOnlyForDeploymentPostprocessing = 0;
		};
/* End PBXHeadersBuildPhase section */

/* Begin PBXNativeTarget section */
		347112FA1D8703F3001AC60D /* libkrbn */ = {
			isa = PBXNativeTarget;
			buildConfigurationList = 347112FF1D8703F3001AC60D /* Build configuration list for PBXNativeTarget "libkrbn" */;
			buildPhases = (
				347112F71D8703F3001AC60D /* Sources */,
				347112F81D8703F3001AC60D /* Frameworks */,
				347112F91D8703F3001AC60D /* Headers */,
			);
			buildRules = (
			);
			dependencies = (
			);
			name = libkrbn;
			productName = libkrbn;
			productReference = 347112FB1D8703F3001AC60D /* libkrbn.a */;
			productType = "com.apple.product-type.library.static";
		};
/* End PBXNativeTarget section */

/* Begin PBXProject section */
		347112F31D8703F3001AC60D /* Project object */ = {
			isa = PBXProject;
			attributes = {
				LastUpgradeCheck = 0800;
				TargetAttributes = {
					347112FA1D8703F3001AC60D = {
						CreatedOnToolsVersion = 7.3.1;
					};
				};
			};
			buildConfigurationList = 347112F61D8703F3001AC60D /* Build configuration list for PBXProject "libkrbn" */;
			compatibilityVersion = "Xcode 6.3";
			developmentRegion = English;
			hasScannedForEncodings = 0;
			knownRegions = (
				en,
			);
			mainGroup = 347112F21D8703F3001AC60D;
			productRefGroup = 347112FC1D8703F3001AC60D /* Products */;
			projectDirPath = "";
			projectRoot = "";
			targets = (
				347112FA1D8703F3001AC60D /* libkrbn */,
			);
		};
/* End PBXProject section */

/* Begin PBXSourcesBuildPhase section */
		347112F71D8703F3001AC60D /* Sources */ = {
			isa = PBXSourcesBuildPhase;
			buildActionMask = 2147483647;
			files = (
				345F953D1DA2AF06002854B8 /* libkrbn_configuration_monitor.cpp in Sources */,
				34B97B2C1DBCD2CB00EB3583 /* libkrbn_device_monitor.cpp in Sources */,
				345F95391DA2ADC8002854B8 /* libkrbn_log_monitor.cpp in Sources */,
				347113051D8704B7001AC60D /* libkrbn.cpp in Sources */,
			);
			runOnlyForDeploymentPostprocessing = 0;
		};
/* End PBXSourcesBuildPhase section */

/* Begin XCBuildConfiguration section */
		347112FE1D8703F3001AC60D /* Release */ = {
			isa = XCBuildConfiguration;
			buildSettings = {
				ALWAYS_SEARCH_USER_PATHS = NO;
				CLANG_ANALYZER_NONNULL = YES;
				CLANG_CXX_LANGUAGE_STANDARD = "c++14";
				CLANG_CXX_LIBRARY = "libc++";
				CLANG_ENABLE_MODULES = YES;
				CLANG_ENABLE_OBJC_ARC = YES;
				CLANG_WARN_BOOL_CONVERSION = YES;
				CLANG_WARN_CONSTANT_CONVERSION = YES;
				CLANG_WARN_DIRECT_OBJC_ISA_USAGE = YES_ERROR;
				CLANG_WARN_EMPTY_BODY = YES;
				CLANG_WARN_ENUM_CONVERSION = YES;
				CLANG_WARN_INFINITE_RECURSION = YES;
				CLANG_WARN_INT_CONVERSION = YES;
				CLANG_WARN_OBJC_ROOT_CLASS = YES_ERROR;
				CLANG_WARN_SUSPICIOUS_MOVE = YES;
				CLANG_WARN_UNREACHABLE_CODE = YES;
				CLANG_WARN__DUPLICATE_METHOD_MATCH = YES;
				CODE_SIGN_IDENTITY = "-";
				COPY_PHASE_STRIP = NO;
				DEBUG_INFORMATION_FORMAT = "dwarf-with-dsym";
				ENABLE_NS_ASSERTIONS = NO;
				ENABLE_STRICT_OBJC_MSGSEND = YES;
				GCC_C_LANGUAGE_STANDARD = gnu99;
				GCC_NO_COMMON_BLOCKS = YES;
				GCC_TREAT_WARNINGS_AS_ERRORS = YES;
				GCC_WARN_64_TO_32_BIT_CONVERSION = YES;
				GCC_WARN_ABOUT_MISSING_NEWLINE = YES;
				GCC_WARN_ABOUT_MISSING_PROTOTYPES = YES;
				GCC_WARN_ABOUT_RETURN_TYPE = YES;
				GCC_WARN_CHECK_SWITCH_STATEMENTS = YES;
				GCC_WARN_MISSING_PARENTHESES = YES;
				GCC_WARN_NON_VIRTUAL_DESTRUCTOR = YES;
				GCC_WARN_SHADOW = YES;
				GCC_WARN_SIGN_COMPARE = YES;
				GCC_WARN_UNDECLARED_SELECTOR = YES;
				GCC_WARN_UNINITIALIZED_AUTOS = YES;
				GCC_WARN_UNUSED_FUNCTION = YES;
				GCC_WARN_UNUSED_LABEL = YES;
				GCC_WARN_UNUSED_VALUE = YES;
				GCC_WARN_UNUSED_VARIABLE = YES;
				HEADER_SEARCH_PATHS = (
					../../../vendor,
					/opt/local/include,
					/usr/local/include,
				);
				MACOSX_DEPLOYMENT_TARGET = 10.10;
				MTL_ENABLE_DEBUG_INFO = NO;
				RUN_CLANG_STATIC_ANALYZER = YES;
				SDKROOT = macosx;
			};
			name = Release;
		};
		347113011D8703F3001AC60D /* Release */ = {
			isa = XCBuildConfiguration;
			buildSettings = {
				EXECUTABLE_PREFIX = lib;
				PRODUCT_NAME = krbn;
			};
			name = Release;
		};
/* End XCBuildConfiguration section */

/* Begin XCConfigurationList section */
		347112F61D8703F3001AC60D /* Build configuration list for PBXProject "libkrbn" */ = {
			isa = XCConfigurationList;
			buildConfigurations = (
				347112FE1D8703F3001AC60D /* Release */,
			);
			defaultConfigurationIsVisible = 0;
			defaultConfigurationName = Release;
		};
		347112FF1D8703F3001AC60D /* Build configuration list for PBXNativeTarget "libkrbn" */ = {
			isa = XCConfigurationList;
			buildConfigurations = (
				347113011D8703F3001AC60D /* Release */,
			);
			defaultConfigurationIsVisible = 0;
			defaultConfigurationName = Release;
		};
/* End XCConfigurationList section */
	};
	rootObject = 347112F31D8703F3001AC60D /* Project object */;
}
